PODS:
  - NMapsGeometry (1.0.1)
  - NMapsMap (3.16.1):
    - NMapsGeometry

DEPENDENCIES:
  - NMapsMap

SPEC REPOS:
  trunk:
    - NMapsGeometry
    - NMapsMap

SPEC CHECKSUMS:
  NMapsGeometry: 53c573ead66466681cf123f99f698dc8071a4b83
  NMapsMap: 926c3a303d381a24bec8da3cd6e198f50af93ae9

PODFILE CHECKSUM: 5dd57984d1fa1aa9581457147d4d7d15ea2bb28a

COCOAPODS: 1.11.3
