// !$*UTF8*$!
{
	archiveVersion = 1;
	classes = {
	};
	objectVersion = 56;
	objects = {

/* Begin PBXBuildFile section */
		6A95F56F299AB17B0063A3ED /* FirebaseMessaging in Frameworks */ = {isa = PBXBuildFile; productRef = 6A95F56E299AB17B0063A3ED /* FirebaseMessaging */; };
		6AA71DAF299AD1D6004CD514 /* Notification.swift in Sources */ = {isa = PBXBuildFile; fileRef = 6AA71DAE299AD1D6004CD514 /* Notification.swift */; };
		C41B56C5299951D500E2A188 /* NoticeViewModel.swift in Sources */ = {isa = PBXBuildFile; fileRef = C41B56C4299951D500E2A188 /* NoticeViewModel.swift */; };
		C41B56C82999545800E2A188 /* NoticeRouter.swift in Sources */ = {isa = PBXBuildFile; fileRef = C41B56C72999545800E2A188 /* NoticeRouter.swift */; };
		C41B56CB299954E100E2A188 /* Alamofire in Frameworks */ = {isa = PBXBuildFile; productRef = C41B56CA299954E100E2A188 /* Alamofire */; };
		C41B56CF2999667D00E2A188 /* Ex+View.swift in Sources */ = {isa = PBXBuildFile; fileRef = C41B56CE2999667D00E2A188 /* Ex+View.swift */; };
		C41B56D129996CD700E2A188 /* ReportViewModel.swift in Sources */ = {isa = PBXBuildFile; fileRef = C41B56D029996CD700E2A188 /* ReportViewModel.swift */; };
		C4393589299B3FD000D7593A /* Review.swift in Sources */ = {isa = PBXBuildFile; fileRef = C4393588299B3FD000D7593A /* Review.swift */; };
		C439358B299B40A900D7593A /* Report.swift in Sources */ = {isa = PBXBuildFile; fileRef = C439358A299B40A900D7593A /* Report.swift */; };
		C439358D299B452800D7593A /* User.swift in Sources */ = {isa = PBXBuildFile; fileRef = C439358C299B452800D7593A /* User.swift */; };
		C4393591299B51D000D7593A /* ReportDetailView.swift in Sources */ = {isa = PBXBuildFile; fileRef = C4393590299B51D000D7593A /* ReportDetailView.swift */; };
		C4393596299C789300D7593A /* DetailView.swift in Sources */ = {isa = PBXBuildFile; fileRef = C4393595299C789300D7593A /* DetailView.swift */; };
		C4393598299C789D00D7593A /* IconTabView.swift in Sources */ = {isa = PBXBuildFile; fileRef = C4393597299C789D00D7593A /* IconTabView.swift */; };
		C439359A299C78A500D7593A /* StoreInformView.swift in Sources */ = {isa = PBXBuildFile; fileRef = C4393599299C78A500D7593A /* StoreInformView.swift */; };
		C439359C299C78AB00D7593A /* FoodCartMenuView.swift in Sources */ = {isa = PBXBuildFile; fileRef = C439359B299C78AB00D7593A /* FoodCartMenuView.swift */; };
		C439359E299C791800D7593A /* FoodCartViewModel.swift in Sources */ = {isa = PBXBuildFile; fileRef = C439359D299C791800D7593A /* FoodCartViewModel.swift */; };
		C43B116529929EFE00BE312A /* MachachaAdminApp.swift in Sources */ = {isa = PBXBuildFile; fileRef = C43B116429929EFE00BE312A /* MachachaAdminApp.swift */; };
		C43B116929929F0000BE312A /* Assets.xcassets in Resources */ = {isa = PBXBuildFile; fileRef = C43B116829929F0000BE312A /* Assets.xcassets */; };
		C43B116C29929F0000BE312A /* Preview Assets.xcassets in Resources */ = {isa = PBXBuildFile; fileRef = C43B116B29929F0000BE312A /* Preview Assets.xcassets */; };
		C43B117629929F0000BE312A /* MachachaAdminTests.swift in Sources */ = {isa = PBXBuildFile; fileRef = C43B117529929F0000BE312A /* MachachaAdminTests.swift */; };
		C43B118029929F0000BE312A /* MachachaAdminUITests.swift in Sources */ = {isa = PBXBuildFile; fileRef = C43B117F29929F0000BE312A /* MachachaAdminUITests.swift */; };
		C43B118229929F0000BE312A /* MachachaAdminUITestsLaunchTests.swift in Sources */ = {isa = PBXBuildFile; fileRef = C43B118129929F0000BE312A /* MachachaAdminUITestsLaunchTests.swift */; };
		C4740E00299CF111005CD24B /* APIConstans.swift in Sources */ = {isa = PBXBuildFile; fileRef = C4740DFF299CF111005CD24B /* APIConstans.swift */; };
		C482134C29935ED900CE4CA2 /* ContentView.swift in Sources */ = {isa = PBXBuildFile; fileRef = C482134B29935ED900CE4CA2 /* ContentView.swift */; };
		C48213502993620700CE4CA2 /* ApproveView.swift in Sources */ = {isa = PBXBuildFile; fileRef = C482134F2993620700CE4CA2 /* ApproveView.swift */; };
		C48213572993628C00CE4CA2 /* ProfileView.swift in Sources */ = {isa = PBXBuildFile; fileRef = C48213562993628C00CE4CA2 /* ProfileView.swift */; };
		C4821359299362AA00CE4CA2 /* ReportReviewView.swift in Sources */ = {isa = PBXBuildFile; fileRef = C4821358299362AA00CE4CA2 /* ReportReviewView.swift */; };
		C482135B299362C300CE4CA2 /* NoticeView.swift in Sources */ = {isa = PBXBuildFile; fileRef = C482135A299362C300CE4CA2 /* NoticeView.swift */; };
		C482135D299362F400CE4CA2 /* ReportView.swift in Sources */ = {isa = PBXBuildFile; fileRef = C482135C299362F400CE4CA2 /* ReportView.swift */; };
		C4D2D2FD2993787C0004661B /* FoodCart.swift in Sources */ = {isa = PBXBuildFile; fileRef = C4D2D2FC2993787C0004661B /* FoodCart.swift */; };
		C4D2D2FF2993788B0004661B /* UserNotification.swift in Sources */ = {isa = PBXBuildFile; fileRef = C4D2D2FE2993788B0004661B /* UserNotification.swift */; };
		C4D2D302299379000004661B /* FirebaseFirestore in Frameworks */ = {isa = PBXBuildFile; productRef = C4D2D301299379000004661B /* FirebaseFirestore */; };
		C4D2D304299379000004661B /* FirebaseFirestoreSwift in Frameworks */ = {isa = PBXBuildFile; productRef = C4D2D303299379000004661B /* FirebaseFirestoreSwift */; };
		C4D2D306299379000004661B /* FirebaseStorage in Frameworks */ = {isa = PBXBuildFile; productRef = C4D2D305299379000004661B /* FirebaseStorage */; };
		C4D2D30A299379A90004661B /* ApproveViewModel.swift in Sources */ = {isa = PBXBuildFile; fileRef = C4D2D309299379A90004661B /* ApproveViewModel.swift */; };
		C4D2D30E29937AAB0004661B /* Constants.swift in Sources */ = {isa = PBXBuildFile; fileRef = C4D2D30D29937AAB0004661B /* Constants.swift */; };
		C4D2D31D29937D010004661B /* Ex+String.swift in Sources */ = {isa = PBXBuildFile; fileRef = C4D2D31C29937D010004661B /* Ex+String.swift */; };
		C4D2D31F29937D0D0004661B /* Ex+Date.swift in Sources */ = {isa = PBXBuildFile; fileRef = C4D2D31E29937D0D0004661B /* Ex+Date.swift */; };
/* End PBXBuildFile section */

/* Begin PBXContainerItemProxy section */
		C43B117229929F0000BE312A /* PBXContainerItemProxy */ = {
			isa = PBXContainerItemProxy;
			containerPortal = C43B115929929EFE00BE312A /* Project object */;
			proxyType = 1;
			remoteGlobalIDString = C43B116029929EFE00BE312A;
			remoteInfo = MachachaAdmin;
		};
		C43B117C29929F0000BE312A /* PBXContainerItemProxy */ = {
			isa = PBXContainerItemProxy;
			containerPortal = C43B115929929EFE00BE312A /* Project object */;
			proxyType = 1;
			remoteGlobalIDString = C43B116029929EFE00BE312A;
			remoteInfo = MachachaAdmin;
		};
/* End PBXContainerItemProxy section */

/* Begin PBXFileReference section */
		6A95F56B299AADFA0063A3ED /* Info.plist */ = {isa = PBXFileReference; lastKnownFileType = text.plist; path = Info.plist; sourceTree = "<group>"; };
		6A95F56C299AAE000063A3ED /* MachachaAdmin.entitlements */ = {isa = PBXFileReference; lastKnownFileType = text.plist.entitlements; path = MachachaAdmin.entitlements; sourceTree = "<group>"; };
		6AA71DAE299AD1D6004CD514 /* Notification.swift */ = {isa = PBXFileReference; lastKnownFileType = sourcecode.swift; path = Notification.swift; sourceTree = "<group>"; };
		C41B56C4299951D500E2A188 /* NoticeViewModel.swift */ = {isa = PBXFileReference; lastKnownFileType = sourcecode.swift; path = NoticeViewModel.swift; sourceTree = "<group>"; };
		C41B56C72999545800E2A188 /* NoticeRouter.swift */ = {isa = PBXFileReference; lastKnownFileType = sourcecode.swift; path = NoticeRouter.swift; sourceTree = "<group>"; };
		C41B56CE2999667D00E2A188 /* Ex+View.swift */ = {isa = PBXFileReference; lastKnownFileType = sourcecode.swift; path = "Ex+View.swift"; sourceTree = "<group>"; };
		C41B56D029996CD700E2A188 /* ReportViewModel.swift */ = {isa = PBXFileReference; lastKnownFileType = sourcecode.swift; path = ReportViewModel.swift; sourceTree = "<group>"; };
		C4393588299B3FD000D7593A /* Review.swift */ = {isa = PBXFileReference; lastKnownFileType = sourcecode.swift; path = Review.swift; sourceTree = "<group>"; };
		C439358A299B40A900D7593A /* Report.swift */ = {isa = PBXFileReference; lastKnownFileType = sourcecode.swift; path = Report.swift; sourceTree = "<group>"; };
		C439358C299B452800D7593A /* User.swift */ = {isa = PBXFileReference; lastKnownFileType = sourcecode.swift; path = User.swift; sourceTree = "<group>"; };
		C439358E299B497D00D7593A /* APIConstants.swift */ = {isa = PBXFileReference; lastKnownFileType = sourcecode.swift; path = APIConstants.swift; sourceTree = "<group>"; };
		C4393590299B51D000D7593A /* ReportDetailView.swift */ = {isa = PBXFileReference; lastKnownFileType = sourcecode.swift; path = ReportDetailView.swift; sourceTree = "<group>"; };
		C4393595299C789300D7593A /* DetailView.swift */ = {isa = PBXFileReference; lastKnownFileType = sourcecode.swift; path = DetailView.swift; sourceTree = "<group>"; };
		C4393597299C789D00D7593A /* IconTabView.swift */ = {isa = PBXFileReference; lastKnownFileType = sourcecode.swift; path = IconTabView.swift; sourceTree = "<group>"; };
		C4393599299C78A500D7593A /* StoreInformView.swift */ = {isa = PBXFileReference; lastKnownFileType = sourcecode.swift; path = StoreInformView.swift; sourceTree = "<group>"; };
		C439359B299C78AB00D7593A /* FoodCartMenuView.swift */ = {isa = PBXFileReference; lastKnownFileType = sourcecode.swift; path = FoodCartMenuView.swift; sourceTree = "<group>"; };
		C439359D299C791800D7593A /* FoodCartViewModel.swift */ = {isa = PBXFileReference; lastKnownFileType = sourcecode.swift; path = FoodCartViewModel.swift; sourceTree = "<group>"; };
		C43B116129929EFE00BE312A /* MachachaAdmin.app */ = {isa = PBXFileReference; explicitFileType = wrapper.application; includeInIndex = 0; path = MachachaAdmin.app; sourceTree = BUILT_PRODUCTS_DIR; };
		C43B116429929EFE00BE312A /* MachachaAdminApp.swift */ = {isa = PBXFileReference; lastKnownFileType = sourcecode.swift; path = MachachaAdminApp.swift; sourceTree = "<group>"; };
		C43B116829929F0000BE312A /* Assets.xcassets */ = {isa = PBXFileReference; lastKnownFileType = folder.assetcatalog; path = Assets.xcassets; sourceTree = "<group>"; };
		C43B116B29929F0000BE312A /* Preview Assets.xcassets */ = {isa = PBXFileReference; lastKnownFileType = folder.assetcatalog; path = "Preview Assets.xcassets"; sourceTree = "<group>"; };
		C43B117129929F0000BE312A /* MachachaAdminTests.xctest */ = {isa = PBXFileReference; explicitFileType = wrapper.cfbundle; includeInIndex = 0; path = MachachaAdminTests.xctest; sourceTree = BUILT_PRODUCTS_DIR; };
		C43B117529929F0000BE312A /* MachachaAdminTests.swift */ = {isa = PBXFileReference; lastKnownFileType = sourcecode.swift; path = MachachaAdminTests.swift; sourceTree = "<group>"; };
		C43B117B29929F0000BE312A /* MachachaAdminUITests.xctest */ = {isa = PBXFileReference; explicitFileType = wrapper.cfbundle; includeInIndex = 0; path = MachachaAdminUITests.xctest; sourceTree = BUILT_PRODUCTS_DIR; };
		C43B117F29929F0000BE312A /* MachachaAdminUITests.swift */ = {isa = PBXFileReference; lastKnownFileType = sourcecode.swift; path = MachachaAdminUITests.swift; sourceTree = "<group>"; };
		C43B118129929F0000BE312A /* MachachaAdminUITestsLaunchTests.swift */ = {isa = PBXFileReference; lastKnownFileType = sourcecode.swift; path = MachachaAdminUITestsLaunchTests.swift; sourceTree = "<group>"; };
		C4740DFF299CF111005CD24B /* APIConstans.swift */ = {isa = PBXFileReference; lastKnownFileType = sourcecode.swift; path = APIConstans.swift; sourceTree = "<group>"; };
		C482134B29935ED900CE4CA2 /* ContentView.swift */ = {isa = PBXFileReference; lastKnownFileType = sourcecode.swift; path = ContentView.swift; sourceTree = "<group>"; };
		C482134F2993620700CE4CA2 /* ApproveView.swift */ = {isa = PBXFileReference; lastKnownFileType = sourcecode.swift; path = ApproveView.swift; sourceTree = "<group>"; };
		C48213562993628C00CE4CA2 /* ProfileView.swift */ = {isa = PBXFileReference; lastKnownFileType = sourcecode.swift; path = ProfileView.swift; sourceTree = "<group>"; };
		C4821358299362AA00CE4CA2 /* ReportReviewView.swift */ = {isa = PBXFileReference; lastKnownFileType = sourcecode.swift; path = ReportReviewView.swift; sourceTree = "<group>"; };
		C482135A299362C300CE4CA2 /* NoticeView.swift */ = {isa = PBXFileReference; lastKnownFileType = sourcecode.swift; path = NoticeView.swift; sourceTree = "<group>"; };
		C482135C299362F400CE4CA2 /* ReportView.swift */ = {isa = PBXFileReference; lastKnownFileType = sourcecode.swift; path = ReportView.swift; sourceTree = "<group>"; };
		C4D2D2FC2993787C0004661B /* FoodCart.swift */ = {isa = PBXFileReference; lastKnownFileType = sourcecode.swift; path = FoodCart.swift; sourceTree = "<group>"; };
		C4D2D2FE2993788B0004661B /* UserNotification.swift */ = {isa = PBXFileReference; lastKnownFileType = sourcecode.swift; path = UserNotification.swift; sourceTree = "<group>"; };
		C4D2D309299379A90004661B /* ApproveViewModel.swift */ = {isa = PBXFileReference; lastKnownFileType = sourcecode.swift; path = ApproveViewModel.swift; sourceTree = "<group>"; };
		C4D2D30D29937AAB0004661B /* Constants.swift */ = {isa = PBXFileReference; lastKnownFileType = sourcecode.swift; path = Constants.swift; sourceTree = "<group>"; };
		C4D2D31C29937D010004661B /* Ex+String.swift */ = {isa = PBXFileReference; lastKnownFileType = sourcecode.swift; path = "Ex+String.swift"; sourceTree = "<group>"; };
		C4D2D31E29937D0D0004661B /* Ex+Date.swift */ = {isa = PBXFileReference; lastKnownFileType = sourcecode.swift; path = "Ex+Date.swift"; sourceTree = "<group>"; };
/* End PBXFileReference section */

/* Begin PBXFrameworksBuildPhase section */
		C43B115E29929EFE00BE312A /* Frameworks */ = {
			isa = PBXFrameworksBuildPhase;
			buildActionMask = 2147483647;
			files = (
				C4D2D302299379000004661B /* FirebaseFirestore in Frameworks */,
				C41B56CB299954E100E2A188 /* Alamofire in Frameworks */,
				6A95F56F299AB17B0063A3ED /* FirebaseMessaging in Frameworks */,
				C4D2D304299379000004661B /* FirebaseFirestoreSwift in Frameworks */,
				C4D2D306299379000004661B /* FirebaseStorage in Frameworks */,
			);
			runOnlyForDeploymentPostprocessing = 0;
		};
		C43B116E29929F0000BE312A /* Frameworks */ = {
			isa = PBXFrameworksBuildPhase;
			buildActionMask = 2147483647;
			files = (
			);
			runOnlyForDeploymentPostprocessing = 0;
		};
		C43B117829929F0000BE312A /* Frameworks */ = {
			isa = PBXFrameworksBuildPhase;
			buildActionMask = 2147483647;
			files = (
			);
			runOnlyForDeploymentPostprocessing = 0;
		};
/* End PBXFrameworksBuildPhase section */

/* Begin PBXGroup section */
		6A95F56D299AB17B0063A3ED /* Frameworks */ = {
			isa = PBXGroup;
			children = (
			);
			name = Frameworks;
			sourceTree = "<group>";
		};
		C41B56C62999543700E2A188 /* Router(Manager) */ = {
			isa = PBXGroup;
			children = (
				C4740DFF299CF111005CD24B /* APIConstans.swift */,
				C41B56C72999545800E2A188 /* NoticeRouter.swift */,
			);
			path = "Router(Manager)";
			sourceTree = "<group>";
		};
		C4393592299BEE2D00D7593A /* Recovered References */ = {
			isa = PBXGroup;
			children = (
				C439358E299B497D00D7593A /* APIConstants.swift */,
			);
			name = "Recovered References";
			sourceTree = "<group>";
		};
		C43B115829929EFE00BE312A = {
			isa = PBXGroup;
			children = (
				C43B116329929EFE00BE312A /* MachachaAdmin */,
				C43B117429929F0000BE312A /* MachachaAdminTests */,
				C43B117E29929F0000BE312A /* MachachaAdminUITests */,
				C43B116229929EFE00BE312A /* Products */,
				6A95F56D299AB17B0063A3ED /* Frameworks */,
				C4393592299BEE2D00D7593A /* Recovered References */,
			);
			sourceTree = "<group>";
		};
		C43B116229929EFE00BE312A /* Products */ = {
			isa = PBXGroup;
			children = (
				C43B116129929EFE00BE312A /* MachachaAdmin.app */,
				C43B117129929F0000BE312A /* MachachaAdminTests.xctest */,
				C43B117B29929F0000BE312A /* MachachaAdminUITests.xctest */,
			);
			name = Products;
			sourceTree = "<group>";
		};
		C43B116329929EFE00BE312A /* MachachaAdmin */ = {
			isa = PBXGroup;
			children = (
				6A95F56C299AAE000063A3ED /* MachachaAdmin.entitlements */,
				6A95F56B299AADFA0063A3ED /* Info.plist */,
				C43B116429929EFE00BE312A /* MachachaAdminApp.swift */,
				C4D2D30B29937A880004661B /* Configuration */,
				C482134D2993609500CE4CA2 /* Sources */,
				C43B116829929F0000BE312A /* Assets.xcassets */,
				C43B116A29929F0000BE312A /* Preview Content */,
			);
			path = MachachaAdmin;
			sourceTree = "<group>";
		};
		C43B116A29929F0000BE312A /* Preview Content */ = {
			isa = PBXGroup;
			children = (
				C43B116B29929F0000BE312A /* Preview Assets.xcassets */,
			);
			path = "Preview Content";
			sourceTree = "<group>";
		};
		C43B117429929F0000BE312A /* MachachaAdminTests */ = {
			isa = PBXGroup;
			children = (
				C43B117529929F0000BE312A /* MachachaAdminTests.swift */,
			);
			path = MachachaAdminTests;
			sourceTree = "<group>";
		};
		C43B117E29929F0000BE312A /* MachachaAdminUITests */ = {
			isa = PBXGroup;
			children = (
				C43B117F29929F0000BE312A /* MachachaAdminUITests.swift */,
				C43B118129929F0000BE312A /* MachachaAdminUITestsLaunchTests.swift */,
			);
			path = MachachaAdminUITests;
			sourceTree = "<group>";
		};
		C482134A29935ECD00CE4CA2 /* Views */ = {
			isa = PBXGroup;
			children = (
				C482134B29935ED900CE4CA2 /* ContentView.swift */,
				C482134E299361BE00CE4CA2 /* ApproveView */,
				C48213522993622300CE4CA2 /* ReportView */,
				C48213542993627B00CE4CA2 /* ReportReviewView */,
				C48213552993627D00CE4CA2 /* NoticeView */,
				C48213532993627900CE4CA2 /* ProfileView */,
			);
			path = Views;
			sourceTree = "<group>";
		};
		C482134D2993609500CE4CA2 /* Sources */ = {
			isa = PBXGroup;
			children = (
				C41B56C62999543700E2A188 /* Router(Manager) */,
				C4D2D2FA299377F60004661B /* Models */,
				C4D2D2FB299377FB0004661B /* ViewModels */,
				C482134A29935ECD00CE4CA2 /* Views */,
			);
			path = Sources;
			sourceTree = "<group>";
		};
		C482134E299361BE00CE4CA2 /* ApproveView */ = {
			isa = PBXGroup;
			children = (
				C482134F2993620700CE4CA2 /* ApproveView.swift */,
				C4393595299C789300D7593A /* DetailView.swift */,
				C4393597299C789D00D7593A /* IconTabView.swift */,
				C4393599299C78A500D7593A /* StoreInformView.swift */,
				C439359B299C78AB00D7593A /* FoodCartMenuView.swift */,
			);
			path = ApproveView;
			sourceTree = "<group>";
		};
		C48213522993622300CE4CA2 /* ReportView */ = {
			isa = PBXGroup;
			children = (
				C482135C299362F400CE4CA2 /* ReportView.swift */,
				C4393590299B51D000D7593A /* ReportDetailView.swift */,
			);
			path = ReportView;
			sourceTree = "<group>";
		};
		C48213532993627900CE4CA2 /* ProfileView */ = {
			isa = PBXGroup;
			children = (
				C48213562993628C00CE4CA2 /* ProfileView.swift */,
			);
			path = ProfileView;
			sourceTree = "<group>";
		};
		C48213542993627B00CE4CA2 /* ReportReviewView */ = {
			isa = PBXGroup;
			children = (
				C4821358299362AA00CE4CA2 /* ReportReviewView.swift */,
			);
			path = ReportReviewView;
			sourceTree = "<group>";
		};
		C48213552993627D00CE4CA2 /* NoticeView */ = {
			isa = PBXGroup;
			children = (
				C482135A299362C300CE4CA2 /* NoticeView.swift */,
			);
			path = NoticeView;
			sourceTree = "<group>";
		};
		C4D2D2FA299377F60004661B /* Models */ = {
			isa = PBXGroup;
			children = (
				C4D2D2FC2993787C0004661B /* FoodCart.swift */,
				C4393588299B3FD000D7593A /* Review.swift */,
				C439358A299B40A900D7593A /* Report.swift */,
				C439358C299B452800D7593A /* User.swift */,
				C4D2D2FE2993788B0004661B /* UserNotification.swift */,
				6AA71DAE299AD1D6004CD514 /* Notification.swift */,
			);
			path = Models;
			sourceTree = "<group>";
		};
		C4D2D2FB299377FB0004661B /* ViewModels */ = {
			isa = PBXGroup;
			children = (
				C4D2D309299379A90004661B /* ApproveViewModel.swift */,
				C439359D299C791800D7593A /* FoodCartViewModel.swift */,
				C41B56C4299951D500E2A188 /* NoticeViewModel.swift */,
				C41B56D029996CD700E2A188 /* ReportViewModel.swift */,
			);
			path = ViewModels;
			sourceTree = "<group>";
		};
		C4D2D30B29937A880004661B /* Configuration */ = {
			isa = PBXGroup;
			children = (
				C4D2D30C29937AA70004661B /* Constants */,
				C4D2D31B29937CF00004661B /* Extensions */,
			);
			path = Configuration;
			sourceTree = "<group>";
		};
		C4D2D30C29937AA70004661B /* Constants */ = {
			isa = PBXGroup;
			children = (
				C4D2D30D29937AAB0004661B /* Constants.swift */,
			);
			path = Constants;
			sourceTree = "<group>";
		};
		C4D2D31B29937CF00004661B /* Extensions */ = {
			isa = PBXGroup;
			children = (
				C4D2D31E29937D0D0004661B /* Ex+Date.swift */,
				C4D2D31C29937D010004661B /* Ex+String.swift */,
				C41B56CE2999667D00E2A188 /* Ex+View.swift */,
			);
			path = Extensions;
			sourceTree = "<group>";
		};
/* End PBXGroup section */

/* Begin PBXNativeTarget section */
		C43B116029929EFE00BE312A /* MachachaAdmin */ = {
			isa = PBXNativeTarget;
			buildConfigurationList = C43B118529929F0000BE312A /* Build configuration list for PBXNativeTarget "MachachaAdmin" */;
			buildPhases = (
				C43B115D29929EFE00BE312A /* Sources */,
				C43B115E29929EFE00BE312A /* Frameworks */,
				C43B115F29929EFE00BE312A /* Resources */,
			);
			buildRules = (
			);
			dependencies = (
			);
			name = MachachaAdmin;
			packageProductDependencies = (
				C4D2D301299379000004661B /* FirebaseFirestore */,
				C4D2D303299379000004661B /* FirebaseFirestoreSwift */,
				C4D2D305299379000004661B /* FirebaseStorage */,
				C41B56CA299954E100E2A188 /* Alamofire */,
				6A95F56E299AB17B0063A3ED /* FirebaseMessaging */,
			);
			productName = MachachaAdmin;
			productReference = C43B116129929EFE00BE312A /* MachachaAdmin.app */;
			productType = "com.apple.product-type.application";
		};
		C43B117029929F0000BE312A /* MachachaAdminTests */ = {
			isa = PBXNativeTarget;
			buildConfigurationList = C43B118829929F0000BE312A /* Build configuration list for PBXNativeTarget "MachachaAdminTests" */;
			buildPhases = (
				C43B116D29929F0000BE312A /* Sources */,
				C43B116E29929F0000BE312A /* Frameworks */,
				C43B116F29929F0000BE312A /* Resources */,
			);
			buildRules = (
			);
			dependencies = (
				C43B117329929F0000BE312A /* PBXTargetDependency */,
			);
			name = MachachaAdminTests;
			productName = MachachaAdminTests;
			productReference = C43B117129929F0000BE312A /* MachachaAdminTests.xctest */;
			productType = "com.apple.product-type.bundle.unit-test";
		};
		C43B117A29929F0000BE312A /* MachachaAdminUITests */ = {
			isa = PBXNativeTarget;
			buildConfigurationList = C43B118B29929F0000BE312A /* Build configuration list for PBXNativeTarget "MachachaAdminUITests" */;
			buildPhases = (
				C43B117729929F0000BE312A /* Sources */,
				C43B117829929F0000BE312A /* Frameworks */,
				C43B117929929F0000BE312A /* Resources */,
			);
			buildRules = (
			);
			dependencies = (
				C43B117D29929F0000BE312A /* PBXTargetDependency */,
			);
			name = MachachaAdminUITests;
			productName = MachachaAdminUITests;
			productReference = C43B117B29929F0000BE312A /* MachachaAdminUITests.xctest */;
			productType = "com.apple.product-type.bundle.ui-testing";
		};
/* End PBXNativeTarget section */

/* Begin PBXProject section */
		C43B115929929EFE00BE312A /* Project object */ = {
			isa = PBXProject;
			attributes = {
				BuildIndependentTargetsInParallel = 1;
				LastSwiftUpdateCheck = 1420;
				LastUpgradeCheck = 1420;
				TargetAttributes = {
					C43B116029929EFE00BE312A = {
						CreatedOnToolsVersion = 14.2;
					};
					C43B117029929F0000BE312A = {
						CreatedOnToolsVersion = 14.2;
						TestTargetID = C43B116029929EFE00BE312A;
					};
					C43B117A29929F0000BE312A = {
						CreatedOnToolsVersion = 14.2;
						TestTargetID = C43B116029929EFE00BE312A;
					};
				};
			};
			buildConfigurationList = C43B115C29929EFE00BE312A /* Build configuration list for PBXProject "MachachaAdmin" */;
			compatibilityVersion = "Xcode 14.0";
			developmentRegion = en;
			hasScannedForEncodings = 0;
			knownRegions = (
				en,
				Base,
			);
			mainGroup = C43B115829929EFE00BE312A;
			packageReferences = (
				C4D2D300299379000004661B /* XCRemoteSwiftPackageReference "firebase-ios-sdk" */,
				C41B56C9299954E100E2A188 /* XCRemoteSwiftPackageReference "Alamofire" */,
			);
			productRefGroup = C43B116229929EFE00BE312A /* Products */;
			projectDirPath = "";
			projectRoot = "";
			targets = (
				C43B116029929EFE00BE312A /* MachachaAdmin */,
				C43B117029929F0000BE312A /* MachachaAdminTests */,
				C43B117A29929F0000BE312A /* MachachaAdminUITests */,
			);
		};
/* End PBXProject section */

/* Begin PBXResourcesBuildPhase section */
		C43B115F29929EFE00BE312A /* Resources */ = {
			isa = PBXResourcesBuildPhase;
			buildActionMask = 2147483647;
			files = (
				C43B116C29929F0000BE312A /* Preview Assets.xcassets in Resources */,
				C43B116929929F0000BE312A /* Assets.xcassets in Resources */,
			);
			runOnlyForDeploymentPostprocessing = 0;
		};
		C43B116F29929F0000BE312A /* Resources */ = {
			isa = PBXResourcesBuildPhase;
			buildActionMask = 2147483647;
			files = (
			);
			runOnlyForDeploymentPostprocessing = 0;
		};
		C43B117929929F0000BE312A /* Resources */ = {
			isa = PBXResourcesBuildPhase;
			buildActionMask = 2147483647;
			files = (
			);
			runOnlyForDeploymentPostprocessing = 0;
		};
/* End PBXResourcesBuildPhase section */

/* Begin PBXSourcesBuildPhase section */
		C43B115D29929EFE00BE312A /* Sources */ = {
			isa = PBXSourcesBuildPhase;
			buildActionMask = 2147483647;
			files = (
				C41B56D129996CD700E2A188 /* ReportViewModel.swift in Sources */,
				C4393596299C789300D7593A /* DetailView.swift in Sources */,
				C4393591299B51D000D7593A /* ReportDetailView.swift in Sources */,
				C4740E00299CF111005CD24B /* APIConstans.swift in Sources */,
				C48213572993628C00CE4CA2 /* ProfileView.swift in Sources */,
				C439359E299C791800D7593A /* FoodCartViewModel.swift in Sources */,
				C4D2D30E29937AAB0004661B /* Constants.swift in Sources */,
				C41B56CF2999667D00E2A188 /* Ex+View.swift in Sources */,
				C41B56C82999545800E2A188 /* NoticeRouter.swift in Sources */,
				C48213502993620700CE4CA2 /* ApproveView.swift in Sources */,
				C4D2D2FF2993788B0004661B /* UserNotification.swift in Sources */,
				C41B56C5299951D500E2A188 /* NoticeViewModel.swift in Sources */,
				C482134C29935ED900CE4CA2 /* ContentView.swift in Sources */,
				C4393598299C789D00D7593A /* IconTabView.swift in Sources */,
				C4D2D31F29937D0D0004661B /* Ex+Date.swift in Sources */,
				C439358B299B40A900D7593A /* Report.swift in Sources */,
				C4D2D31D29937D010004661B /* Ex+String.swift in Sources */,
				C4D2D30A299379A90004661B /* ApproveViewModel.swift in Sources */,
				6AA71DAF299AD1D6004CD514 /* Notification.swift in Sources */,
				C439359C299C78AB00D7593A /* FoodCartMenuView.swift in Sources */,
				C4D2D2FD2993787C0004661B /* FoodCart.swift in Sources */,
				C4393589299B3FD000D7593A /* Review.swift in Sources */,
				C482135B299362C300CE4CA2 /* NoticeView.swift in Sources */,
				C482135D299362F400CE4CA2 /* ReportView.swift in Sources */,
				C4821359299362AA00CE4CA2 /* ReportReviewView.swift in Sources */,
				C43B116529929EFE00BE312A /* MachachaAdminApp.swift in Sources */,
				C439358D299B452800D7593A /* User.swift in Sources */,
				C439359A299C78A500D7593A /* StoreInformView.swift in Sources */,
			);
			runOnlyForDeploymentPostprocessing = 0;
		};
		C43B116D29929F0000BE312A /* Sources */ = {
			isa = PBXSourcesBuildPhase;
			buildActionMask = 2147483647;
			files = (
				C43B117629929F0000BE312A /* MachachaAdminTests.swift in Sources */,
			);
			runOnlyForDeploymentPostprocessing = 0;
		};
		C43B117729929F0000BE312A /* Sources */ = {
			isa = PBXSourcesBuildPhase;
			buildActionMask = 2147483647;
			files = (
				C43B118229929F0000BE312A /* MachachaAdminUITestsLaunchTests.swift in Sources */,
				C43B118029929F0000BE312A /* MachachaAdminUITests.swift in Sources */,
			);
			runOnlyForDeploymentPostprocessing = 0;
		};
/* End PBXSourcesBuildPhase section */

/* Begin PBXTargetDependency section */
		C43B117329929F0000BE312A /* PBXTargetDependency */ = {
			isa = PBXTargetDependency;
			target = C43B116029929EFE00BE312A /* MachachaAdmin */;
			targetProxy = C43B117229929F0000BE312A /* PBXContainerItemProxy */;
		};
		C43B117D29929F0000BE312A /* PBXTargetDependency */ = {
			isa = PBXTargetDependency;
			target = C43B116029929EFE00BE312A /* MachachaAdmin */;
			targetProxy = C43B117C29929F0000BE312A /* PBXContainerItemProxy */;
		};
/* End PBXTargetDependency section */

/* Begin XCBuildConfiguration section */
		C43B118329929F0000BE312A /* Debug */ = {
			isa = XCBuildConfiguration;
			buildSettings = {
				ALWAYS_SEARCH_USER_PATHS = NO;
				CLANG_ANALYZER_NONNULL = YES;
				CLANG_ANALYZER_NUMBER_OBJECT_CONVERSION = YES_AGGRESSIVE;
				CLANG_CXX_LANGUAGE_STANDARD = "gnu++20";
				CLANG_ENABLE_MODULES = YES;
				CLANG_ENABLE_OBJC_ARC = YES;
				CLANG_ENABLE_OBJC_WEAK = YES;
				CLANG_WARN_BLOCK_CAPTURE_AUTORELEASING = YES;
				CLANG_WARN_BOOL_CONVERSION = YES;
				CLANG_WARN_COMMA = YES;
				CLANG_WARN_CONSTANT_CONVERSION = YES;
				CLANG_WARN_DEPRECATED_OBJC_IMPLEMENTATIONS = YES;
				CLANG_WARN_DIRECT_OBJC_ISA_USAGE = YES_ERROR;
				CLANG_WARN_DOCUMENTATION_COMMENTS = YES;
				CLANG_WARN_EMPTY_BODY = YES;
				CLANG_WARN_ENUM_CONVERSION = YES;
				CLANG_WARN_INFINITE_RECURSION = YES;
				CLANG_WARN_INT_CONVERSION = YES;
				CLANG_WARN_NON_LITERAL_NULL_CONVERSION = YES;
				CLANG_WARN_OBJC_IMPLICIT_RETAIN_SELF = YES;
				CLANG_WARN_OBJC_LITERAL_CONVERSION = YES;
				CLANG_WARN_OBJC_ROOT_CLASS = YES_ERROR;
				CLANG_WARN_QUOTED_INCLUDE_IN_FRAMEWORK_HEADER = YES;
				CLANG_WARN_RANGE_LOOP_ANALYSIS = YES;
				CLANG_WARN_STRICT_PROTOTYPES = YES;
				CLANG_WARN_SUSPICIOUS_MOVE = YES;
				CLANG_WARN_UNGUARDED_AVAILABILITY = YES_AGGRESSIVE;
				CLANG_WARN_UNREACHABLE_CODE = YES;
				CLANG_WARN__DUPLICATE_METHOD_MATCH = YES;
				COPY_PHASE_STRIP = NO;
				DEBUG_INFORMATION_FORMAT = dwarf;
				ENABLE_STRICT_OBJC_MSGSEND = YES;
				ENABLE_TESTABILITY = YES;
				GCC_C_LANGUAGE_STANDARD = gnu11;
				GCC_DYNAMIC_NO_PIC = NO;
				GCC_NO_COMMON_BLOCKS = YES;
				GCC_OPTIMIZATION_LEVEL = 0;
				GCC_PREPROCESSOR_DEFINITIONS = (
					"DEBUG=1",
					"$(inherited)",
				);
				GCC_WARN_64_TO_32_BIT_CONVERSION = YES;
				GCC_WARN_ABOUT_RETURN_TYPE = YES_ERROR;
				GCC_WARN_UNDECLARED_SELECTOR = YES;
				GCC_WARN_UNINITIALIZED_AUTOS = YES_AGGRESSIVE;
				GCC_WARN_UNUSED_FUNCTION = YES;
				GCC_WARN_UNUSED_VARIABLE = YES;
				IPHONEOS_DEPLOYMENT_TARGET = 16.2;
				MTL_ENABLE_DEBUG_INFO = INCLUDE_SOURCE;
				MTL_FAST_MATH = YES;
				ONLY_ACTIVE_ARCH = YES;
				SDKROOT = iphoneos;
				SWIFT_ACTIVE_COMPILATION_CONDITIONS = DEBUG;
				SWIFT_OPTIMIZATION_LEVEL = "-Onone";
			};
			name = Debug;
		};
		C43B118429929F0000BE312A /* Release */ = {
			isa = XCBuildConfiguration;
			buildSettings = {
				ALWAYS_SEARCH_USER_PATHS = NO;
				CLANG_ANALYZER_NONNULL = YES;
				CLANG_ANALYZER_NUMBER_OBJECT_CONVERSION = YES_AGGRESSIVE;
				CLANG_CXX_LANGUAGE_STANDARD = "gnu++20";
				CLANG_ENABLE_MODULES = YES;
				CLANG_ENABLE_OBJC_ARC = YES;
				CLANG_ENABLE_OBJC_WEAK = YES;
				CLANG_WARN_BLOCK_CAPTURE_AUTORELEASING = YES;
				CLANG_WARN_BOOL_CONVERSION = YES;
				CLANG_WARN_COMMA = YES;
				CLANG_WARN_CONSTANT_CONVERSION = YES;
				CLANG_WARN_DEPRECATED_OBJC_IMPLEMENTATIONS = YES;
				CLANG_WARN_DIRECT_OBJC_ISA_USAGE = YES_ERROR;
				CLANG_WARN_DOCUMENTATION_COMMENTS = YES;
				CLANG_WARN_EMPTY_BODY = YES;
				CLANG_WARN_ENUM_CONVERSION = YES;
				CLANG_WARN_INFINITE_RECURSION = YES;
				CLANG_WARN_INT_CONVERSION = YES;
				CLANG_WARN_NON_LITERAL_NULL_CONVERSION = YES;
				CLANG_WARN_OBJC_IMPLICIT_RETAIN_SELF = YES;
				CLANG_WARN_OBJC_LITERAL_CONVERSION = YES;
				CLANG_WARN_OBJC_ROOT_CLASS = YES_ERROR;
				CLANG_WARN_QUOTED_INCLUDE_IN_FRAMEWORK_HEADER = YES;
				CLANG_WARN_RANGE_LOOP_ANALYSIS = YES;
				CLANG_WARN_STRICT_PROTOTYPES = YES;
				CLANG_WARN_SUSPICIOUS_MOVE = YES;
				CLANG_WARN_UNGUARDED_AVAILABILITY = YES_AGGRESSIVE;
				CLANG_WARN_UNREACHABLE_CODE = YES;
				CLANG_WARN__DUPLICATE_METHOD_MATCH = YES;
				COPY_PHASE_STRIP = NO;
				DEBUG_INFORMATION_FORMAT = "dwarf-with-dsym";
				ENABLE_NS_ASSERTIONS = NO;
				ENABLE_STRICT_OBJC_MSGSEND = YES;
				GCC_C_LANGUAGE_STANDARD = gnu11;
				GCC_NO_COMMON_BLOCKS = YES;
				GCC_WARN_64_TO_32_BIT_CONVERSION = YES;
				GCC_WARN_ABOUT_RETURN_TYPE = YES_ERROR;
				GCC_WARN_UNDECLARED_SELECTOR = YES;
				GCC_WARN_UNINITIALIZED_AUTOS = YES_AGGRESSIVE;
				GCC_WARN_UNUSED_FUNCTION = YES;
				GCC_WARN_UNUSED_VARIABLE = YES;
				IPHONEOS_DEPLOYMENT_TARGET = 16.2;
				MTL_ENABLE_DEBUG_INFO = NO;
				MTL_FAST_MATH = YES;
				SDKROOT = iphoneos;
				SWIFT_COMPILATION_MODE = wholemodule;
				SWIFT_OPTIMIZATION_LEVEL = "-O";
				VALIDATE_PRODUCT = YES;
			};
			name = Release;
		};
		C43B118629929F0000BE312A /* Debug */ = {
			isa = XCBuildConfiguration;
			buildSettings = {
				ASSETCATALOG_COMPILER_APPICON_NAME = AppIcon;
				ASSETCATALOG_COMPILER_GLOBAL_ACCENT_COLOR_NAME = AccentColor;
				CODE_SIGN_ENTITLEMENTS = MachachaAdmin/MachachaAdmin.entitlements;
				CODE_SIGN_STYLE = Automatic;
				CURRENT_PROJECT_VERSION = 1;
				DEVELOPMENT_ASSET_PATHS = "\"MachachaAdmin/Preview Content\"";
				DEVELOPMENT_TEAM = "";
				ENABLE_PREVIEWS = YES;
				EXCLUDED_ARCHS = "";
				GENERATE_INFOPLIST_FILE = YES;
				INFOPLIST_FILE = MachachaAdmin/Info.plist;
				INFOPLIST_KEY_UIApplicationSceneManifest_Generation = YES;
				INFOPLIST_KEY_UIApplicationSupportsIndirectInputEvents = YES;
				INFOPLIST_KEY_UILaunchScreen_Generation = YES;
				INFOPLIST_KEY_UISupportedInterfaceOrientations = UIInterfaceOrientationPortrait;
				INFOPLIST_KEY_UISupportedInterfaceOrientations_iPad = "UIInterfaceOrientationLandscapeLeft UIInterfaceOrientationLandscapeRight UIInterfaceOrientationPortrait UIInterfaceOrientationPortraitUpsideDown";
				IPHONEOS_DEPLOYMENT_TARGET = 16.0;
				LD_RUNPATH_SEARCH_PATHS = (
					"$(inherited)",
					"@executable_path/Frameworks",
				);
				MARKETING_VERSION = 1.0;
				PRODUCT_BUNDLE_IDENTIFIER = lionlike.project.MachachaAdmin;
				PRODUCT_NAME = "$(TARGET_NAME)";
				SUPPORTED_PLATFORMS = "iphoneos iphonesimulator";
				SUPPORTS_MACCATALYST = NO;
				SUPPORTS_MAC_DESIGNED_FOR_IPHONE_IPAD = NO;
				SWIFT_EMIT_LOC_STRINGS = YES;
				SWIFT_VERSION = 5.0;
				TARGETED_DEVICE_FAMILY = 1;
			};
			name = Debug;
		};
		C43B118729929F0000BE312A /* Release */ = {
			isa = XCBuildConfiguration;
			buildSettings = {
				ASSETCATALOG_COMPILER_APPICON_NAME = AppIcon;
				ASSETCATALOG_COMPILER_GLOBAL_ACCENT_COLOR_NAME = AccentColor;
				CODE_SIGN_ENTITLEMENTS = MachachaAdmin/MachachaAdmin.entitlements;
				CODE_SIGN_STYLE = Automatic;
				CURRENT_PROJECT_VERSION = 1;
				DEVELOPMENT_ASSET_PATHS = "\"MachachaAdmin/Preview Content\"";
				DEVELOPMENT_TEAM = "";
				ENABLE_PREVIEWS = YES;
				GENERATE_INFOPLIST_FILE = YES;
				INFOPLIST_FILE = MachachaAdmin/Info.plist;
				INFOPLIST_KEY_UIApplicationSceneManifest_Generation = YES;
				INFOPLIST_KEY_UIApplicationSupportsIndirectInputEvents = YES;
				INFOPLIST_KEY_UILaunchScreen_Generation = YES;
				INFOPLIST_KEY_UISupportedInterfaceOrientations = UIInterfaceOrientationPortrait;
				INFOPLIST_KEY_UISupportedInterfaceOrientations_iPad = "UIInterfaceOrientationLandscapeLeft UIInterfaceOrientationLandscapeRight UIInterfaceOrientationPortrait UIInterfaceOrientationPortraitUpsideDown";
				IPHONEOS_DEPLOYMENT_TARGET = 16.0;
				LD_RUNPATH_SEARCH_PATHS = (
					"$(inherited)",
					"@executable_path/Frameworks",
				);
				MARKETING_VERSION = 1.0;
				PRODUCT_BUNDLE_IDENTIFIER = lionlike.project.MachachaAdmin;
				PRODUCT_NAME = "$(TARGET_NAME)";
				SUPPORTED_PLATFORMS = "iphoneos iphonesimulator";
				SUPPORTS_MACCATALYST = NO;
				SUPPORTS_MAC_DESIGNED_FOR_IPHONE_IPAD = NO;
				SWIFT_EMIT_LOC_STRINGS = YES;
				SWIFT_VERSION = 5.0;
				TARGETED_DEVICE_FAMILY = 1;
			};
			name = Release;
		};
		C43B118929929F0000BE312A /* Debug */ = {
			isa = XCBuildConfiguration;
			buildSettings = {
				ALWAYS_EMBED_SWIFT_STANDARD_LIBRARIES = YES;
				BUNDLE_LOADER = "$(TEST_HOST)";
				CODE_SIGN_STYLE = Automatic;
				CURRENT_PROJECT_VERSION = 1;
				GENERATE_INFOPLIST_FILE = YES;
				IPHONEOS_DEPLOYMENT_TARGET = 16.2;
				MARKETING_VERSION = 1.0;
				PRODUCT_BUNDLE_IDENTIFIER = lionlike.project.MachachaAdminTests;
				PRODUCT_NAME = "$(TARGET_NAME)";
				SWIFT_EMIT_LOC_STRINGS = NO;
				SWIFT_VERSION = 5.0;
				TARGETED_DEVICE_FAMILY = "1,2";
				TEST_HOST = "$(BUILT_PRODUCTS_DIR)/MachachaAdmin.app/$(BUNDLE_EXECUTABLE_FOLDER_PATH)/MachachaAdmin";
			};
			name = Debug;
		};
		C43B118A29929F0000BE312A /* Release */ = {
			isa = XCBuildConfiguration;
			buildSettings = {
				ALWAYS_EMBED_SWIFT_STANDARD_LIBRARIES = YES;
				BUNDLE_LOADER = "$(TEST_HOST)";
				CODE_SIGN_STYLE = Automatic;
				CURRENT_PROJECT_VERSION = 1;
				GENERATE_INFOPLIST_FILE = YES;
				IPHONEOS_DEPLOYMENT_TARGET = 16.2;
				MARKETING_VERSION = 1.0;
				PRODUCT_BUNDLE_IDENTIFIER = lionlike.project.MachachaAdminTests;
				PRODUCT_NAME = "$(TARGET_NAME)";
				SWIFT_EMIT_LOC_STRINGS = NO;
				SWIFT_VERSION = 5.0;
				TARGETED_DEVICE_FAMILY = "1,2";
				TEST_HOST = "$(BUILT_PRODUCTS_DIR)/MachachaAdmin.app/$(BUNDLE_EXECUTABLE_FOLDER_PATH)/MachachaAdmin";
			};
			name = Release;
		};
		C43B118C29929F0000BE312A /* Debug */ = {
			isa = XCBuildConfiguration;
			buildSettings = {
				ALWAYS_EMBED_SWIFT_STANDARD_LIBRARIES = YES;
				CODE_SIGN_STYLE = Automatic;
				CURRENT_PROJECT_VERSION = 1;
				GENERATE_INFOPLIST_FILE = YES;
				MARKETING_VERSION = 1.0;
				PRODUCT_BUNDLE_IDENTIFIER = lionlike.project.MachachaAdminUITests;
				PRODUCT_NAME = "$(TARGET_NAME)";
				SWIFT_EMIT_LOC_STRINGS = NO;
				SWIFT_VERSION = 5.0;
				TARGETED_DEVICE_FAMILY = "1,2";
				TEST_TARGET_NAME = MachachaAdmin;
			};
			name = Debug;
		};
		C43B118D29929F0000BE312A /* Release */ = {
			isa = XCBuildConfiguration;
			buildSettings = {
				ALWAYS_EMBED_SWIFT_STANDARD_LIBRARIES = YES;
				CODE_SIGN_STYLE = Automatic;
				CURRENT_PROJECT_VERSION = 1;
				GENERATE_INFOPLIST_FILE = YES;
				MARKETING_VERSION = 1.0;
				PRODUCT_BUNDLE_IDENTIFIER = lionlike.project.MachachaAdminUITests;
				PRODUCT_NAME = "$(TARGET_NAME)";
				SWIFT_EMIT_LOC_STRINGS = NO;
				SWIFT_VERSION = 5.0;
				TARGETED_DEVICE_FAMILY = "1,2";
				TEST_TARGET_NAME = MachachaAdmin;
			};
			name = Release;
		};
/* End XCBuildConfiguration section */

/* Begin XCConfigurationList section */
		C43B115C29929EFE00BE312A /* Build configuration list for PBXProject "MachachaAdmin" */ = {
			isa = XCConfigurationList;
			buildConfigurations = (
				C43B118329929F0000BE312A /* Debug */,
				C43B118429929F0000BE312A /* Release */,
			);
			defaultConfigurationIsVisible = 0;
			defaultConfigurationName = Release;
		};
		C43B118529929F0000BE312A /* Build configuration list for PBXNativeTarget "MachachaAdmin" */ = {
			isa = XCConfigurationList;
			buildConfigurations = (
				C43B118629929F0000BE312A /* Debug */,
				C43B118729929F0000BE312A /* Release */,
			);
			defaultConfigurationIsVisible = 0;
			defaultConfigurationName = Release;
		};
		C43B118829929F0000BE312A /* Build configuration list for PBXNativeTarget "MachachaAdminTests" */ = {
			isa = XCConfigurationList;
			buildConfigurations = (
				C43B118929929F0000BE312A /* Debug */,
				C43B118A29929F0000BE312A /* Release */,
			);
			defaultConfigurationIsVisible = 0;
			defaultConfigurationName = Release;
		};
		C43B118B29929F0000BE312A /* Build configuration list for PBXNativeTarget "MachachaAdminUITests" */ = {
			isa = XCConfigurationList;
			buildConfigurations = (
				C43B118C29929F0000BE312A /* Debug */,
				C43B118D29929F0000BE312A /* Release */,
			);
			defaultConfigurationIsVisible = 0;
			defaultConfigurationName = Release;
		};
/* End XCConfigurationList section */

/* Begin XCRemoteSwiftPackageReference section */
		C41B56C9299954E100E2A188 /* XCRemoteSwiftPackageReference "Alamofire" */ = {
			isa = XCRemoteSwiftPackageReference;
			repositoryURL = "https://github.com/Alamofire/Alamofire";
			requirement = {
				kind = upToNextMajorVersion;
				minimumVersion = 5.0.0;
			};
		};
		C4D2D300299379000004661B /* XCRemoteSwiftPackageReference "firebase-ios-sdk" */ = {
			isa = XCRemoteSwiftPackageReference;
			repositoryURL = "https://github.com/firebase/firebase-ios-sdk";
			requirement = {
				branch = master;
				kind = branch;
			};
		};
/* End XCRemoteSwiftPackageReference section */

/* Begin XCSwiftPackageProductDependency section */
		6A95F56E299AB17B0063A3ED /* FirebaseMessaging */ = {
			isa = XCSwiftPackageProductDependency;
			package = C4D2D300299379000004661B /* XCRemoteSwiftPackageReference "firebase-ios-sdk" */;
			productName = FirebaseMessaging;
		};
		C41B56CA299954E100E2A188 /* Alamofire */ = {
			isa = XCSwiftPackageProductDependency;
			package = C41B56C9299954E100E2A188 /* XCRemoteSwiftPackageReference "Alamofire" */;
			productName = Alamofire;
		};
		C4D2D301299379000004661B /* FirebaseFirestore */ = {
			isa = XCSwiftPackageProductDependency;
			package = C4D2D300299379000004661B /* XCRemoteSwiftPackageReference "firebase-ios-sdk" */;
			productName = FirebaseFirestore;
		};
		C4D2D303299379000004661B /* FirebaseFirestoreSwift */ = {
			isa = XCSwiftPackageProductDependency;
			package = C4D2D300299379000004661B /* XCRemoteSwiftPackageReference "firebase-ios-sdk" */;
			productName = FirebaseFirestoreSwift;
		};
		C4D2D305299379000004661B /* FirebaseStorage */ = {
			isa = XCSwiftPackageProductDependency;
			package = C4D2D300299379000004661B /* XCRemoteSwiftPackageReference "firebase-ios-sdk" */;
			productName = FirebaseStorage;
		};
/* End XCSwiftPackageProductDependency section */
	};
	rootObject = C43B115929929EFE00BE312A /* Project object */;
}
