// !$*UTF8*$!
{
	archiveVersion = 1;
	classes = {
	};
	objectVersion = 56;
	objects = {

/* Begin PBXBuildFile section */
		1ACB032C2977C46E00D57C48 /* 나눔손글씨 느릿느릿체.ttf in Resources */ = {isa = PBXBuildFile; fileRef = 1ACB032B2977C46E00D57C48 /* 나눔손글씨 느릿느릿체.ttf */; };
		6A41B6BC297FAEF4008C2CA5 /* CustomMarker.swift in Sources */ = {isa = PBXBuildFile; fileRef = 6A41B6BB297FAEF4008C2CA5 /* CustomMarker.swift */; };
		6A8EBDA429778AB300964C9D /* NMapsMap in Frameworks */ = {isa = PBXBuildFile; productRef = 6A8EBDA329778AB300964C9D /* NMapsMap */; };
		6A8EBDA629778F1500964C9D /* MapSearchViewModel.swift in Sources */ = {isa = PBXBuildFile; fileRef = 6A8EBDA529778F1500964C9D /* MapSearchViewModel.swift */; };
		6A8EBDA82977903700964C9D /* NaverMap.swift in Sources */ = {isa = PBXBuildFile; fileRef = 6A8EBDA72977903700964C9D /* NaverMap.swift */; };
		6A8EBDAA2977A81B00964C9D /* FoodCart.swift in Sources */ = {isa = PBXBuildFile; fileRef = 6A8EBDA92977A81B00964C9D /* FoodCart.swift */; };
		C4A587382975A77000B04A98 /* MachachaApp.swift in Sources */ = {isa = PBXBuildFile; fileRef = C4A587372975A77000B04A98 /* MachachaApp.swift */; };
		C4A5873A2975A77000B04A98 /* ContentView.swift in Sources */ = {isa = PBXBuildFile; fileRef = C4A587392975A77000B04A98 /* ContentView.swift */; };
		C4A5873C2975A77300B04A98 /* Assets.xcassets in Resources */ = {isa = PBXBuildFile; fileRef = C4A5873B2975A77300B04A98 /* Assets.xcassets */; };
		C4A5873F2975A77300B04A98 /* Preview Assets.xcassets in Resources */ = {isa = PBXBuildFile; fileRef = C4A5873E2975A77300B04A98 /* Preview Assets.xcassets */; };
		C4A587492975A77300B04A98 /* MachachaTests.swift in Sources */ = {isa = PBXBuildFile; fileRef = C4A587482975A77300B04A98 /* MachachaTests.swift */; };
		C4A587532975A77300B04A98 /* MachachaUITests.swift in Sources */ = {isa = PBXBuildFile; fileRef = C4A587522975A77300B04A98 /* MachachaUITests.swift */; };
		C4A587552975A77300B04A98 /* MachachaUITestsLaunchTests.swift in Sources */ = {isa = PBXBuildFile; fileRef = C4A587542975A77300B04A98 /* MachachaUITestsLaunchTests.swift */; };
		C4A587742975A8D300B04A98 /* BtnModifier.swift in Sources */ = {isa = PBXBuildFile; fileRef = C4A587632975A8D300B04A98 /* BtnModifier.swift */; };
		C4A587752975A8D300B04A98 /* Constants.swift in Sources */ = {isa = PBXBuildFile; fileRef = C4A587652975A8D300B04A98 /* Constants.swift */; };
		C4A587762975A8D300B04A98 /* Ex+String.swift in Sources */ = {isa = PBXBuildFile; fileRef = C4A587672975A8D300B04A98 /* Ex+String.swift */; };
		C4A587772975A8D300B04A98 /* Ex+Color.swift in Sources */ = {isa = PBXBuildFile; fileRef = C4A587682975A8D300B04A98 /* Ex+Color.swift */; };
		C4A587792975A8D300B04A98 /* Pretendard-Regular.otf in Resources */ = {isa = PBXBuildFile; fileRef = C4A5876B2975A8D300B04A98 /* Pretendard-Regular.otf */; };
		C4A5877A2975A8D300B04A98 /* Pretendard-Black.otf in Resources */ = {isa = PBXBuildFile; fileRef = C4A5876C2975A8D300B04A98 /* Pretendard-Black.otf */; };
		C4A5877B2975A8D300B04A98 /* Pretendard-Medium.otf in Resources */ = {isa = PBXBuildFile; fileRef = C4A5876D2975A8D300B04A98 /* Pretendard-Medium.otf */; };
		C4A5877C2975A8D300B04A98 /* Pretendard-Light.otf in Resources */ = {isa = PBXBuildFile; fileRef = C4A5876E2975A8D300B04A98 /* Pretendard-Light.otf */; };
		C4A5877D2975A8D300B04A98 /* Pretendard-ExtraBold.otf in Resources */ = {isa = PBXBuildFile; fileRef = C4A5876F2975A8D300B04A98 /* Pretendard-ExtraBold.otf */; };
		C4A5877E2975A8D300B04A98 /* Pretendard-Bold.otf in Resources */ = {isa = PBXBuildFile; fileRef = C4A587702975A8D300B04A98 /* Pretendard-Bold.otf */; };
		C4A5877F2975A8D300B04A98 /* Pretendard-Thin.otf in Resources */ = {isa = PBXBuildFile; fileRef = C4A587712975A8D300B04A98 /* Pretendard-Thin.otf */; };
		C4A587802975A8D300B04A98 /* Pretendard-ExtraLight.otf in Resources */ = {isa = PBXBuildFile; fileRef = C4A587722975A8D300B04A98 /* Pretendard-ExtraLight.otf */; };
		C4A587812975A8D300B04A98 /* Pretendard-SemiBold.otf in Resources */ = {isa = PBXBuildFile; fileRef = C4A587732975A8D300B04A98 /* Pretendard-SemiBold.otf */; };
		C4A5878D29768C4E00B04A98 /* User.swift in Sources */ = {isa = PBXBuildFile; fileRef = C4A5878C29768C4E00B04A98 /* User.swift */; };
		C4A5879029768C6200B04A98 /* AuthViewModel.swift in Sources */ = {isa = PBXBuildFile; fileRef = C4A5878F29768C6200B04A98 /* AuthViewModel.swift */; };
		C4A5879D29768D4200B04A98 /* LoginView.swift in Sources */ = {isa = PBXBuildFile; fileRef = C4A5879C29768D4200B04A98 /* LoginView.swift */; };
		C4A5879F29768D4800B04A98 /* SplashView.swift in Sources */ = {isa = PBXBuildFile; fileRef = C4A5879E29768D4800B04A98 /* SplashView.swift */; };
		C4A587A129768D5B00B04A98 /* HomeView.swift in Sources */ = {isa = PBXBuildFile; fileRef = C4A587A029768D5B00B04A98 /* HomeView.swift */; };
		C4A587A529768DE300B04A98 /* MapSearchView.swift in Sources */ = {isa = PBXBuildFile; fileRef = C4A587A429768DE300B04A98 /* MapSearchView.swift */; };
		C4A587A729768E2C00B04A98 /* RegisterView.swift in Sources */ = {isa = PBXBuildFile; fileRef = C4A587A629768E2C00B04A98 /* RegisterView.swift */; };
		C4A587A929768E3400B04A98 /* MagazineView.swift in Sources */ = {isa = PBXBuildFile; fileRef = C4A587A829768E3400B04A98 /* MagazineView.swift */; };
		C4A587AB29768E3E00B04A98 /* ProfileView.swift in Sources */ = {isa = PBXBuildFile; fileRef = C4A587AA29768E3E00B04A98 /* ProfileView.swift */; };
		C4A587AD29768E4500B04A98 /* DetailView.swift in Sources */ = {isa = PBXBuildFile; fileRef = C4A587AC29768E4500B04A98 /* DetailView.swift */; };
		C4A587AF29768E6600B04A98 /* CustomTabView.swift in Sources */ = {isa = PBXBuildFile; fileRef = C4A587AE29768E6600B04A98 /* CustomTabView.swift */; };
		C4A587B5297693FA00B04A98 /* NanumSquareRoundOTFEB.otf in Resources */ = {isa = PBXBuildFile; fileRef = C4A587B1297693F900B04A98 /* NanumSquareRoundOTFEB.otf */; };
		C4A587B6297693FA00B04A98 /* NanumSquareRoundOTFR.otf in Resources */ = {isa = PBXBuildFile; fileRef = C4A587B2297693FA00B04A98 /* NanumSquareRoundOTFR.otf */; };
		C4A587B7297693FA00B04A98 /* NanumSquareRoundOTFL.otf in Resources */ = {isa = PBXBuildFile; fileRef = C4A587B3297693FA00B04A98 /* NanumSquareRoundOTFL.otf */; };
		C4A587B8297693FA00B04A98 /* NanumSquareRoundOTFB.otf in Resources */ = {isa = PBXBuildFile; fileRef = C4A587B4297693FA00B04A98 /* NanumSquareRoundOTFB.otf */; };
		C4A587BA2976960300B04A98 /* Ex+Font.swift in Sources */ = {isa = PBXBuildFile; fileRef = C4A587B92976960300B04A98 /* Ex+Font.swift */; };
		C4D5C052297A73F7003CF061 /* Cluster in Frameworks */ = {isa = PBXBuildFile; productRef = C4D5C051297A73F7003CF061 /* Cluster */; };
		C4D5C056297A7E22003CF061 /* FirebaseAuth in Frameworks */ = {isa = PBXBuildFile; productRef = C4D5C055297A7E22003CF061 /* FirebaseAuth */; };
		C4D5C058297A7E22003CF061 /* FirebaseFirestore in Frameworks */ = {isa = PBXBuildFile; productRef = C4D5C057297A7E22003CF061 /* FirebaseFirestore */; };
		C4D5C05A297A7E22003CF061 /* FirebaseFirestoreSwift in Frameworks */ = {isa = PBXBuildFile; productRef = C4D5C059297A7E22003CF061 /* FirebaseFirestoreSwift */; };
		C4D5C05C297A7E22003CF061 /* FirebaseStorage in Frameworks */ = {isa = PBXBuildFile; productRef = C4D5C05B297A7E22003CF061 /* FirebaseStorage */; };
		C4D5C05E297A7EBE003CF061 /* Review.swift in Sources */ = {isa = PBXBuildFile; fileRef = C4D5C05D297A7EBE003CF061 /* Review.swift */; };
		C4D5C060297A7F4A003CF061 /* Magazine.swift in Sources */ = {isa = PBXBuildFile; fileRef = C4D5C05F297A7F4A003CF061 /* Magazine.swift */; };
		FA0B449B298768A6005DB8AF /* GoogleService-Info.plist in Resources */ = {isa = PBXBuildFile; fileRef = FA0B449A298768A6005DB8AF /* GoogleService-Info.plist */; };
		FA0B449D2987A504005DB8AF /* UserViewModel.swift in Sources */ = {isa = PBXBuildFile; fileRef = FA0B449C2987A504005DB8AF /* UserViewModel.swift */; };
		FA0B449F2988EBA4005DB8AF /* SignUpView.swift in Sources */ = {isa = PBXBuildFile; fileRef = FA0B449E2988EBA4005DB8AF /* SignUpView.swift */; };
		FA0B44A12988F489005DB8AF /* AuthView.swift in Sources */ = {isa = PBXBuildFile; fileRef = FA0B44A02988F489005DB8AF /* AuthView.swift */; };
		FAFDD4792977873A008E28AD /* NaverThirdPartyLogin in Frameworks */ = {isa = PBXBuildFile; productRef = FAFDD4782977873A008E28AD /* NaverThirdPartyLogin */; };
		FAFDD47C29779202008E28AD /* Alamofire in Frameworks */ = {isa = PBXBuildFile; productRef = FAFDD47B29779202008E28AD /* Alamofire */; };
		FAFDD47F2977B02D008E28AD /* KakaoSDK in Frameworks */ = {isa = PBXBuildFile; productRef = FAFDD47E2977B02D008E28AD /* KakaoSDK */; };
		FAFDD4812977B02D008E28AD /* KakaoSDKAuth in Frameworks */ = {isa = PBXBuildFile; productRef = FAFDD4802977B02D008E28AD /* KakaoSDKAuth */; };
		FAFDD4832977B02D008E28AD /* KakaoSDKCommon in Frameworks */ = {isa = PBXBuildFile; productRef = FAFDD4822977B02D008E28AD /* KakaoSDKCommon */; };
		FAFDD4852977B02D008E28AD /* KakaoSDKCommonCore in Frameworks */ = {isa = PBXBuildFile; productRef = FAFDD4842977B02D008E28AD /* KakaoSDKCommonCore */; };
		FAFDD4872977B02D008E28AD /* KakaoSDKShare in Frameworks */ = {isa = PBXBuildFile; productRef = FAFDD4862977B02D008E28AD /* KakaoSDKShare */; };
		FAFDD4892977B02D008E28AD /* KakaoSDKTalk in Frameworks */ = {isa = PBXBuildFile; productRef = FAFDD4882977B02D008E28AD /* KakaoSDKTalk */; };
		FAFDD48B2977B02D008E28AD /* KakaoSDKTemplate in Frameworks */ = {isa = PBXBuildFile; productRef = FAFDD48A2977B02D008E28AD /* KakaoSDKTemplate */; };
		FAFDD48D2977B02D008E28AD /* KakaoSDKUser in Frameworks */ = {isa = PBXBuildFile; productRef = FAFDD48C2977B02D008E28AD /* KakaoSDKUser */; };
		FAFDD4902977B7B3008E28AD /* KaKaoAuthViewModel.swift in Sources */ = {isa = PBXBuildFile; fileRef = FAFDD48F2977B7B3008E28AD /* KaKaoAuthViewModel.swift */; };
		FAFDD4922977B841008E28AD /* NaverAuthViewModel.swift in Sources */ = {isa = PBXBuildFile; fileRef = FAFDD4912977B841008E28AD /* NaverAuthViewModel.swift */; };
		FAFDD4952977C680008E28AD /* GoogleSignIn in Frameworks */ = {isa = PBXBuildFile; productRef = FAFDD4942977C680008E28AD /* GoogleSignIn */; };
		FAFDD4972977C680008E28AD /* GoogleSignInSwift in Frameworks */ = {isa = PBXBuildFile; productRef = FAFDD4962977C680008E28AD /* GoogleSignInSwift */; };
		FAFDD49D2977E8EC008E28AD /* Config.xcconfig in Resources */ = {isa = PBXBuildFile; fileRef = FAFDD49C2977E8EC008E28AD /* Config.xcconfig */; };
/* End PBXBuildFile section */

/* Begin PBXContainerItemProxy section */
		C4A587452975A77300B04A98 /* PBXContainerItemProxy */ = {
			isa = PBXContainerItemProxy;
			containerPortal = C4A5872C2975A77000B04A98 /* Project object */;
			proxyType = 1;
			remoteGlobalIDString = C4A587332975A77000B04A98;
			remoteInfo = Machacha;
		};
		C4A5874F2975A77300B04A98 /* PBXContainerItemProxy */ = {
			isa = PBXContainerItemProxy;
			containerPortal = C4A5872C2975A77000B04A98 /* Project object */;
			proxyType = 1;
			remoteGlobalIDString = C4A587332975A77000B04A98;
			remoteInfo = Machacha;
		};
/* End PBXContainerItemProxy section */

/* Begin PBXFileReference section */
		1ACB032B2977C46E00D57C48 /* 나눔손글씨 느릿느릿체.ttf */ = {isa = PBXFileReference; lastKnownFileType = file; path = "나눔손글씨 느릿느릿체.ttf"; sourceTree = "<group>"; };
		6A41B6BB297FAEF4008C2CA5 /* CustomMarker.swift */ = {isa = PBXFileReference; lastKnownFileType = sourcecode.swift; path = CustomMarker.swift; sourceTree = "<group>"; };
		6A8EBDA529778F1500964C9D /* MapSearchViewModel.swift */ = {isa = PBXFileReference; lastKnownFileType = sourcecode.swift; path = MapSearchViewModel.swift; sourceTree = "<group>"; };
		6A8EBDA72977903700964C9D /* NaverMap.swift */ = {isa = PBXFileReference; lastKnownFileType = sourcecode.swift; path = NaverMap.swift; sourceTree = "<group>"; };
		6A8EBDA92977A81B00964C9D /* FoodCart.swift */ = {isa = PBXFileReference; lastKnownFileType = sourcecode.swift; name = FoodCart.swift; path = Machacha/Sources/FoodCart.swift; sourceTree = SOURCE_ROOT; };
		C4A587342975A77000B04A98 /* Machacha.app */ = {isa = PBXFileReference; explicitFileType = wrapper.application; includeInIndex = 0; path = Machacha.app; sourceTree = BUILT_PRODUCTS_DIR; };
		C4A587372975A77000B04A98 /* MachachaApp.swift */ = {isa = PBXFileReference; lastKnownFileType = sourcecode.swift; path = MachachaApp.swift; sourceTree = "<group>"; };
		C4A587392975A77000B04A98 /* ContentView.swift */ = {isa = PBXFileReference; lastKnownFileType = sourcecode.swift; path = ContentView.swift; sourceTree = "<group>"; };
		C4A5873B2975A77300B04A98 /* Assets.xcassets */ = {isa = PBXFileReference; lastKnownFileType = folder.assetcatalog; path = Assets.xcassets; sourceTree = "<group>"; };
		C4A5873E2975A77300B04A98 /* Preview Assets.xcassets */ = {isa = PBXFileReference; lastKnownFileType = folder.assetcatalog; path = "Preview Assets.xcassets"; sourceTree = "<group>"; };
		C4A587442975A77300B04A98 /* MachachaTests.xctest */ = {isa = PBXFileReference; explicitFileType = wrapper.cfbundle; includeInIndex = 0; path = MachachaTests.xctest; sourceTree = BUILT_PRODUCTS_DIR; };
		C4A587482975A77300B04A98 /* MachachaTests.swift */ = {isa = PBXFileReference; lastKnownFileType = sourcecode.swift; path = MachachaTests.swift; sourceTree = "<group>"; };
		C4A5874E2975A77300B04A98 /* MachachaUITests.xctest */ = {isa = PBXFileReference; explicitFileType = wrapper.cfbundle; includeInIndex = 0; path = MachachaUITests.xctest; sourceTree = BUILT_PRODUCTS_DIR; };
		C4A587522975A77300B04A98 /* MachachaUITests.swift */ = {isa = PBXFileReference; lastKnownFileType = sourcecode.swift; path = MachachaUITests.swift; sourceTree = "<group>"; };
		C4A587542975A77300B04A98 /* MachachaUITestsLaunchTests.swift */ = {isa = PBXFileReference; lastKnownFileType = sourcecode.swift; path = MachachaUITestsLaunchTests.swift; sourceTree = "<group>"; };
		C4A587632975A8D300B04A98 /* BtnModifier.swift */ = {isa = PBXFileReference; fileEncoding = 4; lastKnownFileType = sourcecode.swift; path = BtnModifier.swift; sourceTree = "<group>"; };
		C4A587652975A8D300B04A98 /* Constants.swift */ = {isa = PBXFileReference; fileEncoding = 4; lastKnownFileType = sourcecode.swift; path = Constants.swift; sourceTree = "<group>"; };
		C4A587672975A8D300B04A98 /* Ex+String.swift */ = {isa = PBXFileReference; fileEncoding = 4; lastKnownFileType = sourcecode.swift; path = "Ex+String.swift"; sourceTree = "<group>"; };
		C4A587682975A8D300B04A98 /* Ex+Color.swift */ = {isa = PBXFileReference; fileEncoding = 4; lastKnownFileType = sourcecode.swift; path = "Ex+Color.swift"; sourceTree = "<group>"; };
		C4A5876B2975A8D300B04A98 /* Pretendard-Regular.otf */ = {isa = PBXFileReference; lastKnownFileType = file; path = "Pretendard-Regular.otf"; sourceTree = "<group>"; };
		C4A5876C2975A8D300B04A98 /* Pretendard-Black.otf */ = {isa = PBXFileReference; lastKnownFileType = file; path = "Pretendard-Black.otf"; sourceTree = "<group>"; };
		C4A5876D2975A8D300B04A98 /* Pretendard-Medium.otf */ = {isa = PBXFileReference; lastKnownFileType = file; path = "Pretendard-Medium.otf"; sourceTree = "<group>"; };
		C4A5876E2975A8D300B04A98 /* Pretendard-Light.otf */ = {isa = PBXFileReference; lastKnownFileType = file; path = "Pretendard-Light.otf"; sourceTree = "<group>"; };
		C4A5876F2975A8D300B04A98 /* Pretendard-ExtraBold.otf */ = {isa = PBXFileReference; lastKnownFileType = file; path = "Pretendard-ExtraBold.otf"; sourceTree = "<group>"; };
		C4A587702975A8D300B04A98 /* Pretendard-Bold.otf */ = {isa = PBXFileReference; lastKnownFileType = file; path = "Pretendard-Bold.otf"; sourceTree = "<group>"; };
		C4A587712975A8D300B04A98 /* Pretendard-Thin.otf */ = {isa = PBXFileReference; lastKnownFileType = file; path = "Pretendard-Thin.otf"; sourceTree = "<group>"; };
		C4A587722975A8D300B04A98 /* Pretendard-ExtraLight.otf */ = {isa = PBXFileReference; lastKnownFileType = file; path = "Pretendard-ExtraLight.otf"; sourceTree = "<group>"; };
		C4A587732975A8D300B04A98 /* Pretendard-SemiBold.otf */ = {isa = PBXFileReference; lastKnownFileType = file; path = "Pretendard-SemiBold.otf"; sourceTree = "<group>"; };
		C4A587862975AA0700B04A98 /* Info.plist */ = {isa = PBXFileReference; fileEncoding = 4; lastKnownFileType = text.plist.xml; path = Info.plist; sourceTree = "<group>"; };
		C4A5878C29768C4E00B04A98 /* User.swift */ = {isa = PBXFileReference; lastKnownFileType = sourcecode.swift; path = User.swift; sourceTree = "<group>"; };
		C4A5878F29768C6200B04A98 /* AuthViewModel.swift */ = {isa = PBXFileReference; lastKnownFileType = sourcecode.swift; path = AuthViewModel.swift; sourceTree = "<group>"; };
		C4A5879C29768D4200B04A98 /* LoginView.swift */ = {isa = PBXFileReference; lastKnownFileType = sourcecode.swift; path = LoginView.swift; sourceTree = "<group>"; };
		C4A5879E29768D4800B04A98 /* SplashView.swift */ = {isa = PBXFileReference; lastKnownFileType = sourcecode.swift; path = SplashView.swift; sourceTree = "<group>"; };
		C4A587A029768D5B00B04A98 /* HomeView.swift */ = {isa = PBXFileReference; lastKnownFileType = sourcecode.swift; path = HomeView.swift; sourceTree = "<group>"; };
		C4A587A429768DE300B04A98 /* MapSearchView.swift */ = {isa = PBXFileReference; lastKnownFileType = sourcecode.swift; path = MapSearchView.swift; sourceTree = "<group>"; };
		C4A587A629768E2C00B04A98 /* RegisterView.swift */ = {isa = PBXFileReference; lastKnownFileType = sourcecode.swift; path = RegisterView.swift; sourceTree = "<group>"; };
		C4A587A829768E3400B04A98 /* MagazineView.swift */ = {isa = PBXFileReference; lastKnownFileType = sourcecode.swift; path = MagazineView.swift; sourceTree = "<group>"; };
		C4A587AA29768E3E00B04A98 /* ProfileView.swift */ = {isa = PBXFileReference; lastKnownFileType = sourcecode.swift; path = ProfileView.swift; sourceTree = "<group>"; };
		C4A587AC29768E4500B04A98 /* DetailView.swift */ = {isa = PBXFileReference; lastKnownFileType = sourcecode.swift; path = DetailView.swift; sourceTree = "<group>"; };
		C4A587AE29768E6600B04A98 /* CustomTabView.swift */ = {isa = PBXFileReference; lastKnownFileType = sourcecode.swift; path = CustomTabView.swift; sourceTree = "<group>"; };
		C4A587B1297693F900B04A98 /* NanumSquareRoundOTFEB.otf */ = {isa = PBXFileReference; lastKnownFileType = file; path = NanumSquareRoundOTFEB.otf; sourceTree = "<group>"; };
		C4A587B2297693FA00B04A98 /* NanumSquareRoundOTFR.otf */ = {isa = PBXFileReference; lastKnownFileType = file; path = NanumSquareRoundOTFR.otf; sourceTree = "<group>"; };
		C4A587B3297693FA00B04A98 /* NanumSquareRoundOTFL.otf */ = {isa = PBXFileReference; lastKnownFileType = file; path = NanumSquareRoundOTFL.otf; sourceTree = "<group>"; };
		C4A587B4297693FA00B04A98 /* NanumSquareRoundOTFB.otf */ = {isa = PBXFileReference; lastKnownFileType = file; path = NanumSquareRoundOTFB.otf; sourceTree = "<group>"; };
		C4A587B92976960300B04A98 /* Ex+Font.swift */ = {isa = PBXFileReference; lastKnownFileType = sourcecode.swift; path = "Ex+Font.swift"; sourceTree = "<group>"; };
		C4D5C05D297A7EBE003CF061 /* Review.swift */ = {isa = PBXFileReference; lastKnownFileType = sourcecode.swift; path = Review.swift; sourceTree = "<group>"; };
		C4D5C05F297A7F4A003CF061 /* Magazine.swift */ = {isa = PBXFileReference; lastKnownFileType = sourcecode.swift; path = Magazine.swift; sourceTree = "<group>"; };
		FA0B449A298768A6005DB8AF /* GoogleService-Info.plist */ = {isa = PBXFileReference; fileEncoding = 4; lastKnownFileType = text.plist.xml; path = "GoogleService-Info.plist"; sourceTree = "<group>"; };
		FA0B449C2987A504005DB8AF /* UserViewModel.swift */ = {isa = PBXFileReference; lastKnownFileType = sourcecode.swift; path = UserViewModel.swift; sourceTree = "<group>"; };
		FA0B449E2988EBA4005DB8AF /* SignUpView.swift */ = {isa = PBXFileReference; lastKnownFileType = sourcecode.swift; path = SignUpView.swift; sourceTree = "<group>"; };
		FA0B44A02988F489005DB8AF /* AuthView.swift */ = {isa = PBXFileReference; lastKnownFileType = sourcecode.swift; path = AuthView.swift; sourceTree = "<group>"; };
		FAFDD48F2977B7B3008E28AD /* KaKaoAuthViewModel.swift */ = {isa = PBXFileReference; lastKnownFileType = sourcecode.swift; path = KaKaoAuthViewModel.swift; sourceTree = "<group>"; };
		FAFDD4912977B841008E28AD /* NaverAuthViewModel.swift */ = {isa = PBXFileReference; lastKnownFileType = sourcecode.swift; path = NaverAuthViewModel.swift; sourceTree = "<group>"; };
		FAFDD49C2977E8EC008E28AD /* Config.xcconfig */ = {isa = PBXFileReference; fileEncoding = 4; lastKnownFileType = text.xcconfig; path = Config.xcconfig; sourceTree = "<group>"; };
/* End PBXFileReference section */

/* Begin PBXFrameworksBuildPhase section */
		C4A587312975A77000B04A98 /* Frameworks */ = {
			isa = PBXFrameworksBuildPhase;
			buildActionMask = 2147483647;
			files = (
				6A8EBDA429778AB300964C9D /* NMapsMap in Frameworks */,
				C4D5C05A297A7E22003CF061 /* FirebaseFirestoreSwift in Frameworks */,
				C4D5C056297A7E22003CF061 /* FirebaseAuth in Frameworks */,
				FAFDD4872977B02D008E28AD /* KakaoSDKShare in Frameworks */,
				FAFDD4892977B02D008E28AD /* KakaoSDKTalk in Frameworks */,
				FAFDD4952977C680008E28AD /* GoogleSignIn in Frameworks */,
				C4D5C058297A7E22003CF061 /* FirebaseFirestore in Frameworks */,
				FAFDD4972977C680008E28AD /* GoogleSignInSwift in Frameworks */,
				C4D5C052297A73F7003CF061 /* Cluster in Frameworks */,
				FAFDD4792977873A008E28AD /* NaverThirdPartyLogin in Frameworks */,
				FAFDD47C29779202008E28AD /* Alamofire in Frameworks */,
				C4D5C05C297A7E22003CF061 /* FirebaseStorage in Frameworks */,
				FAFDD47F2977B02D008E28AD /* KakaoSDK in Frameworks */,
				FAFDD48B2977B02D008E28AD /* KakaoSDKTemplate in Frameworks */,
				FAFDD4832977B02D008E28AD /* KakaoSDKCommon in Frameworks */,
				FAFDD4812977B02D008E28AD /* KakaoSDKAuth in Frameworks */,
				FAFDD48D2977B02D008E28AD /* KakaoSDKUser in Frameworks */,
				FAFDD4852977B02D008E28AD /* KakaoSDKCommonCore in Frameworks */,
			);
			runOnlyForDeploymentPostprocessing = 0;
		};
		C4A587412975A77300B04A98 /* Frameworks */ = {
			isa = PBXFrameworksBuildPhase;
			buildActionMask = 2147483647;
			files = (
			);
			runOnlyForDeploymentPostprocessing = 0;
		};
		C4A5874B2975A77300B04A98 /* Frameworks */ = {
			isa = PBXFrameworksBuildPhase;
			buildActionMask = 2147483647;
			files = (
			);
			runOnlyForDeploymentPostprocessing = 0;
		};
/* End PBXFrameworksBuildPhase section */

/* Begin PBXGroup section */
		808E4D632977C2D400D78854 /* 나눔손글씨 */ = {
			isa = PBXGroup;
			children = (
				1ACB032B2977C46E00D57C48 /* 나눔손글씨 느릿느릿체.ttf */,
			);
			path = "나눔손글씨";
			sourceTree = "<group>";
		};
		C4A5872B2975A77000B04A98 = {
			isa = PBXGroup;
			children = (
				C4A587362975A77000B04A98 /* Machacha */,
				FAFDD49C2977E8EC008E28AD /* Config.xcconfig */,
				C4A587472975A77300B04A98 /* MachachaTests */,
				C4A587512975A77300B04A98 /* MachachaUITests */,
				C4A587352975A77000B04A98 /* Products */,
			);
			sourceTree = "<group>";
		};
		C4A587352975A77000B04A98 /* Products */ = {
			isa = PBXGroup;
			children = (
				C4A587342975A77000B04A98 /* Machacha.app */,
				C4A587442975A77300B04A98 /* MachachaTests.xctest */,
				C4A5874E2975A77300B04A98 /* MachachaUITests.xctest */,
			);
			name = Products;
			sourceTree = "<group>";
		};
		C4A587362975A77000B04A98 /* Machacha */ = {
			isa = PBXGroup;
			children = (
				C4A587862975AA0700B04A98 /* Info.plist */,
				FA0B449A298768A6005DB8AF /* GoogleService-Info.plist */,
				C4A587372975A77000B04A98 /* MachachaApp.swift */,
				C4A587612975A8D300B04A98 /* Configuration */,
				C4A587892975AA6800B04A98 /* Sources */,
				C4A5873B2975A77300B04A98 /* Assets.xcassets */,
				C4A5873D2975A77300B04A98 /* Preview Content */,
			);
			path = Machacha;
			sourceTree = "<group>";
		};
		C4A5873D2975A77300B04A98 /* Preview Content */ = {
			isa = PBXGroup;
			children = (
				C4A5873E2975A77300B04A98 /* Preview Assets.xcassets */,
			);
			path = "Preview Content";
			sourceTree = "<group>";
		};
		C4A587472975A77300B04A98 /* MachachaTests */ = {
			isa = PBXGroup;
			children = (
				C4A587482975A77300B04A98 /* MachachaTests.swift */,
			);
			path = MachachaTests;
			sourceTree = "<group>";
		};
		C4A587512975A77300B04A98 /* MachachaUITests */ = {
			isa = PBXGroup;
			children = (
				C4A587522975A77300B04A98 /* MachachaUITests.swift */,
				C4A587542975A77300B04A98 /* MachachaUITestsLaunchTests.swift */,
			);
			path = MachachaUITests;
			sourceTree = "<group>";
		};
		C4A587612975A8D300B04A98 /* Configuration */ = {
			isa = PBXGroup;
			children = (
				C4A587642975A8D300B04A98 /* Constants */,
				C4A587662975A8D300B04A98 /* Extensions */,
				C4A5876A2975A8D300B04A98 /* Fonts */,
				C4A587622975A8D300B04A98 /* Modifiers */,
			);
			path = Configuration;
			sourceTree = "<group>";
		};
		C4A587622975A8D300B04A98 /* Modifiers */ = {
			isa = PBXGroup;
			children = (
				C4A587632975A8D300B04A98 /* BtnModifier.swift */,
			);
			path = Modifiers;
			sourceTree = "<group>";
		};
		C4A587642975A8D300B04A98 /* Constants */ = {
			isa = PBXGroup;
			children = (
				C4A587652975A8D300B04A98 /* Constants.swift */,
			);
			path = Constants;
			sourceTree = "<group>";
		};
		C4A587662975A8D300B04A98 /* Extensions */ = {
			isa = PBXGroup;
			children = (
				C4A587682975A8D300B04A98 /* Ex+Color.swift */,
				C4A587B92976960300B04A98 /* Ex+Font.swift */,
				C4A587672975A8D300B04A98 /* Ex+String.swift */,
			);
			path = Extensions;
			sourceTree = "<group>";
		};
		C4A5876A2975A8D300B04A98 /* Fonts */ = {
			isa = PBXGroup;
			children = (
				808E4D632977C2D400D78854 /* 나눔손글씨 */,
				C4A587B02976936300B04A98 /* Nanum */,
				C4A587852975A9E300B04A98 /* Pretendard */,
			);
			path = Fonts;
			sourceTree = "<group>";
		};
		C4A587852975A9E300B04A98 /* Pretendard */ = {
			isa = PBXGroup;
			children = (
				C4A5876B2975A8D300B04A98 /* Pretendard-Regular.otf */,
				C4A5876C2975A8D300B04A98 /* Pretendard-Black.otf */,
				C4A5876D2975A8D300B04A98 /* Pretendard-Medium.otf */,
				C4A5876E2975A8D300B04A98 /* Pretendard-Light.otf */,
				C4A5876F2975A8D300B04A98 /* Pretendard-ExtraBold.otf */,
				C4A587702975A8D300B04A98 /* Pretendard-Bold.otf */,
				C4A587712975A8D300B04A98 /* Pretendard-Thin.otf */,
				C4A587722975A8D300B04A98 /* Pretendard-ExtraLight.otf */,
				C4A587732975A8D300B04A98 /* Pretendard-SemiBold.otf */,
			);
			path = Pretendard;
			sourceTree = "<group>";
		};
		C4A587882975AA5F00B04A98 /* Views */ = {
			isa = PBXGroup;
			children = (
				C4A587392975A77000B04A98 /* ContentView.swift */,
				C4A5879A29768D2100B04A98 /* Login */,
				C4A5879929768D1500B04A98 /* Splash */,
				C4A5879829768CFA00B04A98 /* Home */,
				C4A5879729768CF300B04A98 /* MapSearch */,
				C4A5879629768CE100B04A98 /* Register */,
				C4A5879529768CC800B04A98 /* Magazine */,
				C4A5879429768CC100B04A98 /* Profile */,
				C4A5879329768CB700B04A98 /* Detail */,
				C4A5879229768CB100B04A98 /* ETC. */,
			);
			path = Views;
			sourceTree = "<group>";
		};
		C4A587892975AA6800B04A98 /* Sources */ = {
			isa = PBXGroup;
			children = (
				C4A5878B29768C4100B04A98 /* Models */,
				C4A5878E29768C5400B04A98 /* ViewModels */,
				C4A587882975AA5F00B04A98 /* Views */,
			);
			path = Sources;
			sourceTree = "<group>";
		};
		C4A5878B29768C4100B04A98 /* Models */ = {
			isa = PBXGroup;
			children = (
				6A8EBDA92977A81B00964C9D /* FoodCart.swift */,
				C4D5C05F297A7F4A003CF061 /* Magazine.swift */,
				C4D5C05D297A7EBE003CF061 /* Review.swift */,
				C4A5878C29768C4E00B04A98 /* User.swift */,
			);
			path = Models;
			sourceTree = "<group>";
		};
		C4A5878E29768C5400B04A98 /* ViewModels */ = {
			isa = PBXGroup;
			children = (
				C4A5878F29768C6200B04A98 /* AuthViewModel.swift */,
				FAFDD48F2977B7B3008E28AD /* KaKaoAuthViewModel.swift */,
				6A8EBDA529778F1500964C9D /* MapSearchViewModel.swift */,
				FAFDD4912977B841008E28AD /* NaverAuthViewModel.swift */,
				FA0B449C2987A504005DB8AF /* UserViewModel.swift */,
			);
			path = ViewModels;
			sourceTree = "<group>";
		};
		C4A5879229768CB100B04A98 /* ETC. */ = {
			isa = PBXGroup;
			children = (
				C4A587AE29768E6600B04A98 /* CustomTabView.swift */,
			);
			path = ETC.;
			sourceTree = "<group>";
		};
		C4A5879329768CB700B04A98 /* Detail */ = {
			isa = PBXGroup;
			children = (
				C4A587AC29768E4500B04A98 /* DetailView.swift */,
			);
			path = Detail;
			sourceTree = "<group>";
		};
		C4A5879429768CC100B04A98 /* Profile */ = {
			isa = PBXGroup;
			children = (
				C4A587AA29768E3E00B04A98 /* ProfileView.swift */,
			);
			path = Profile;
			sourceTree = "<group>";
		};
		C4A5879529768CC800B04A98 /* Magazine */ = {
			isa = PBXGroup;
			children = (
				C4A587A829768E3400B04A98 /* MagazineView.swift */,
			);
			path = Magazine;
			sourceTree = "<group>";
		};
		C4A5879629768CE100B04A98 /* Register */ = {
			isa = PBXGroup;
			children = (
				C4A587A629768E2C00B04A98 /* RegisterView.swift */,
			);
			path = Register;
			sourceTree = "<group>";
		};
		C4A5879729768CF300B04A98 /* MapSearch */ = {
			isa = PBXGroup;
			children = (
				6A41B6BB297FAEF4008C2CA5 /* CustomMarker.swift */,
				C4A587A429768DE300B04A98 /* MapSearchView.swift */,
				6A8EBDA72977903700964C9D /* NaverMap.swift */,
			);
			path = MapSearch;
			sourceTree = "<group>";
		};
		C4A5879829768CFA00B04A98 /* Home */ = {
			isa = PBXGroup;
			children = (
				C4A587A029768D5B00B04A98 /* HomeView.swift */,
			);
			path = Home;
			sourceTree = "<group>";
		};
		C4A5879929768D1500B04A98 /* Splash */ = {
			isa = PBXGroup;
			children = (
				C4A5879E29768D4800B04A98 /* SplashView.swift */,
			);
			path = Splash;
			sourceTree = "<group>";
		};
		C4A5879A29768D2100B04A98 /* Login */ = {
			isa = PBXGroup;
			children = (
				FA0B44A02988F489005DB8AF /* AuthView.swift */,
				C4A5879C29768D4200B04A98 /* LoginView.swift */,
				FA0B449E2988EBA4005DB8AF /* SignUpView.swift */,
			);
			path = Login;
			sourceTree = "<group>";
		};
		C4A587B02976936300B04A98 /* Nanum */ = {
			isa = PBXGroup;
			children = (
				C4A587B4297693FA00B04A98 /* NanumSquareRoundOTFB.otf */,
				C4A587B1297693F900B04A98 /* NanumSquareRoundOTFEB.otf */,
				C4A587B3297693FA00B04A98 /* NanumSquareRoundOTFL.otf */,
				C4A587B2297693FA00B04A98 /* NanumSquareRoundOTFR.otf */,
			);
			path = Nanum;
			sourceTree = "<group>";
		};
/* End PBXGroup section */

/* Begin PBXNativeTarget section */
		C4A587332975A77000B04A98 /* Machacha */ = {
			isa = PBXNativeTarget;
			buildConfigurationList = C4A587582975A77300B04A98 /* Build configuration list for PBXNativeTarget "Machacha" */;
			buildPhases = (
				C4A587302975A77000B04A98 /* Sources */,
				C4A587312975A77000B04A98 /* Frameworks */,
				C4A587322975A77000B04A98 /* Resources */,
			);
			buildRules = (
			);
			dependencies = (
			);
			name = Machacha;
			packageProductDependencies = (
				6A8EBDA329778AB300964C9D /* NMapsMap */,
				FAFDD4782977873A008E28AD /* NaverThirdPartyLogin */,
				FAFDD47B29779202008E28AD /* Alamofire */,
				FAFDD47E2977B02D008E28AD /* KakaoSDK */,
				FAFDD4802977B02D008E28AD /* KakaoSDKAuth */,
				FAFDD4822977B02D008E28AD /* KakaoSDKCommon */,
				FAFDD4842977B02D008E28AD /* KakaoSDKCommonCore */,
				FAFDD4862977B02D008E28AD /* KakaoSDKShare */,
				FAFDD4882977B02D008E28AD /* KakaoSDKTalk */,
				FAFDD48A2977B02D008E28AD /* KakaoSDKTemplate */,
				FAFDD48C2977B02D008E28AD /* KakaoSDKUser */,
				FAFDD4942977C680008E28AD /* GoogleSignIn */,
				FAFDD4962977C680008E28AD /* GoogleSignInSwift */,
				C4D5C051297A73F7003CF061 /* Cluster */,
				C4D5C055297A7E22003CF061 /* FirebaseAuth */,
				C4D5C057297A7E22003CF061 /* FirebaseFirestore */,
				C4D5C059297A7E22003CF061 /* FirebaseFirestoreSwift */,
				C4D5C05B297A7E22003CF061 /* FirebaseStorage */,
			);
			productName = Machacha;
			productReference = C4A587342975A77000B04A98 /* Machacha.app */;
			productType = "com.apple.product-type.application";
		};
		C4A587432975A77300B04A98 /* MachachaTests */ = {
			isa = PBXNativeTarget;
			buildConfigurationList = C4A5875B2975A77300B04A98 /* Build configuration list for PBXNativeTarget "MachachaTests" */;
			buildPhases = (
				C4A587402975A77300B04A98 /* Sources */,
				C4A587412975A77300B04A98 /* Frameworks */,
				C4A587422975A77300B04A98 /* Resources */,
			);
			buildRules = (
			);
			dependencies = (
				C4A587462975A77300B04A98 /* PBXTargetDependency */,
			);
			name = MachachaTests;
			productName = MachachaTests;
			productReference = C4A587442975A77300B04A98 /* MachachaTests.xctest */;
			productType = "com.apple.product-type.bundle.unit-test";
		};
		C4A5874D2975A77300B04A98 /* MachachaUITests */ = {
			isa = PBXNativeTarget;
			buildConfigurationList = C4A5875E2975A77300B04A98 /* Build configuration list for PBXNativeTarget "MachachaUITests" */;
			buildPhases = (
				C4A5874A2975A77300B04A98 /* Sources */,
				C4A5874B2975A77300B04A98 /* Frameworks */,
				C4A5874C2975A77300B04A98 /* Resources */,
			);
			buildRules = (
			);
			dependencies = (
				C4A587502975A77300B04A98 /* PBXTargetDependency */,
			);
			name = MachachaUITests;
			productName = MachachaUITests;
			productReference = C4A5874E2975A77300B04A98 /* MachachaUITests.xctest */;
			productType = "com.apple.product-type.bundle.ui-testing";
		};
/* End PBXNativeTarget section */

/* Begin PBXProject section */
		C4A5872C2975A77000B04A98 /* Project object */ = {
			isa = PBXProject;
			attributes = {
				BuildIndependentTargetsInParallel = 1;
				LastSwiftUpdateCheck = 1420;
				LastUpgradeCheck = 1420;
				TargetAttributes = {
					C4A587332975A77000B04A98 = {
						CreatedOnToolsVersion = 14.2;
					};
					C4A587432975A77300B04A98 = {
						CreatedOnToolsVersion = 14.2;
						TestTargetID = C4A587332975A77000B04A98;
					};
					C4A5874D2975A77300B04A98 = {
						CreatedOnToolsVersion = 14.2;
						TestTargetID = C4A587332975A77000B04A98;
					};
				};
			};
			buildConfigurationList = C4A5872F2975A77000B04A98 /* Build configuration list for PBXProject "Machacha" */;
			compatibilityVersion = "Xcode 14.0";
			developmentRegion = en;
			hasScannedForEncodings = 0;
			knownRegions = (
				en,
				Base,
			);
			mainGroup = C4A5872B2975A77000B04A98;
			packageReferences = (
				6A8EBDA229778AB300964C9D /* XCRemoteSwiftPackageReference "NMapsMap-SPM" */,
				FAFDD4772977873A008E28AD /* XCRemoteSwiftPackageReference "naveridlogin-sdk-ios-spm" */,
				FAFDD47A29779202008E28AD /* XCRemoteSwiftPackageReference "Alamofire" */,
				FAFDD47D2977B02D008E28AD /* XCRemoteSwiftPackageReference "kakao-ios-sdk" */,
				FAFDD4932977C680008E28AD /* XCRemoteSwiftPackageReference "GoogleSignIn-iOS" */,
				C4D5C050297A73F7003CF061 /* XCRemoteSwiftPackageReference "Cluster" */,
				C4D5C054297A7E22003CF061 /* XCRemoteSwiftPackageReference "firebase-ios-sdk" */,
			);
			productRefGroup = C4A587352975A77000B04A98 /* Products */;
			projectDirPath = "";
			projectRoot = "";
			targets = (
				C4A587332975A77000B04A98 /* Machacha */,
				C4A587432975A77300B04A98 /* MachachaTests */,
				C4A5874D2975A77300B04A98 /* MachachaUITests */,
			);
		};
/* End PBXProject section */

/* Begin PBXResourcesBuildPhase section */
		C4A587322975A77000B04A98 /* Resources */ = {
			isa = PBXResourcesBuildPhase;
			buildActionMask = 2147483647;
			files = (
				C4A587B6297693FA00B04A98 /* NanumSquareRoundOTFR.otf in Resources */,
				C4A587B5297693FA00B04A98 /* NanumSquareRoundOTFEB.otf in Resources */,
				C4A587812975A8D300B04A98 /* Pretendard-SemiBold.otf in Resources */,
				C4A5873F2975A77300B04A98 /* Preview Assets.xcassets in Resources */,
				FAFDD49D2977E8EC008E28AD /* Config.xcconfig in Resources */,
				C4A587B7297693FA00B04A98 /* NanumSquareRoundOTFL.otf in Resources */,
				C4A5877E2975A8D300B04A98 /* Pretendard-Bold.otf in Resources */,
				C4A587B8297693FA00B04A98 /* NanumSquareRoundOTFB.otf in Resources */,
				C4A587802975A8D300B04A98 /* Pretendard-ExtraLight.otf in Resources */,
				1ACB032C2977C46E00D57C48 /* 나눔손글씨 느릿느릿체.ttf in Resources */,
				C4A5877B2975A8D300B04A98 /* Pretendard-Medium.otf in Resources */,
				FA0B449B298768A6005DB8AF /* GoogleService-Info.plist in Resources */,
				C4A5877F2975A8D300B04A98 /* Pretendard-Thin.otf in Resources */,
				C4A5877D2975A8D300B04A98 /* Pretendard-ExtraBold.otf in Resources */,
				C4A587792975A8D300B04A98 /* Pretendard-Regular.otf in Resources */,
				C4A5877A2975A8D300B04A98 /* Pretendard-Black.otf in Resources */,
				C4A5873C2975A77300B04A98 /* Assets.xcassets in Resources */,
				C4A5877C2975A8D300B04A98 /* Pretendard-Light.otf in Resources */,
			);
			runOnlyForDeploymentPostprocessing = 0;
		};
		C4A587422975A77300B04A98 /* Resources */ = {
			isa = PBXResourcesBuildPhase;
			buildActionMask = 2147483647;
			files = (
			);
			runOnlyForDeploymentPostprocessing = 0;
		};
		C4A5874C2975A77300B04A98 /* Resources */ = {
			isa = PBXResourcesBuildPhase;
			buildActionMask = 2147483647;
			files = (
			);
			runOnlyForDeploymentPostprocessing = 0;
		};
/* End PBXResourcesBuildPhase section */

/* Begin PBXSourcesBuildPhase section */
		C4A587302975A77000B04A98 /* Sources */ = {
			isa = PBXSourcesBuildPhase;
			buildActionMask = 2147483647;
			files = (
				C4A5873A2975A77000B04A98 /* ContentView.swift in Sources */,
				FAFDD4922977B841008E28AD /* NaverAuthViewModel.swift in Sources */,
				C4A587382975A77000B04A98 /* MachachaApp.swift in Sources */,
				C4A587A929768E3400B04A98 /* MagazineView.swift in Sources */,
				C4A587BA2976960300B04A98 /* Ex+Font.swift in Sources */,
				FA0B449D2987A504005DB8AF /* UserViewModel.swift in Sources */,
				C4A587AF29768E6600B04A98 /* CustomTabView.swift in Sources */,
				C4A587A729768E2C00B04A98 /* RegisterView.swift in Sources */,
				C4A587742975A8D300B04A98 /* BtnModifier.swift in Sources */,
				6A8EBDA629778F1500964C9D /* MapSearchViewModel.swift in Sources */,
				C4A5879D29768D4200B04A98 /* LoginView.swift in Sources */,
				C4D5C05E297A7EBE003CF061 /* Review.swift in Sources */,
				C4A587762975A8D300B04A98 /* Ex+String.swift in Sources */,
				FAFDD4902977B7B3008E28AD /* KaKaoAuthViewModel.swift in Sources */,
				C4A587AB29768E3E00B04A98 /* ProfileView.swift in Sources */,
				6A8EBDA82977903700964C9D /* NaverMap.swift in Sources */,
				6A8EBDAA2977A81B00964C9D /* FoodCart.swift in Sources */,
				6A41B6BC297FAEF4008C2CA5 /* CustomMarker.swift in Sources */,
				C4A587A529768DE300B04A98 /* MapSearchView.swift in Sources */,
				FA0B44A12988F489005DB8AF /* AuthView.swift in Sources */,
				C4A587AD29768E4500B04A98 /* DetailView.swift in Sources */,
				C4A587A129768D5B00B04A98 /* HomeView.swift in Sources */,
				C4A5879029768C6200B04A98 /* AuthViewModel.swift in Sources */,
				C4A587772975A8D300B04A98 /* Ex+Color.swift in Sources */,
				C4A5879F29768D4800B04A98 /* SplashView.swift in Sources */,
				FA0B449F2988EBA4005DB8AF /* SignUpView.swift in Sources */,
				C4A587752975A8D300B04A98 /* Constants.swift in Sources */,
				C4A5878D29768C4E00B04A98 /* User.swift in Sources */,
				C4D5C060297A7F4A003CF061 /* Magazine.swift in Sources */,
			);
			runOnlyForDeploymentPostprocessing = 0;
		};
		C4A587402975A77300B04A98 /* Sources */ = {
			isa = PBXSourcesBuildPhase;
			buildActionMask = 2147483647;
			files = (
				C4A587492975A77300B04A98 /* MachachaTests.swift in Sources */,
			);
			runOnlyForDeploymentPostprocessing = 0;
		};
		C4A5874A2975A77300B04A98 /* Sources */ = {
			isa = PBXSourcesBuildPhase;
			buildActionMask = 2147483647;
			files = (
				C4A587552975A77300B04A98 /* MachachaUITestsLaunchTests.swift in Sources */,
				C4A587532975A77300B04A98 /* MachachaUITests.swift in Sources */,
			);
			runOnlyForDeploymentPostprocessing = 0;
		};
/* End PBXSourcesBuildPhase section */

/* Begin PBXTargetDependency section */
		C4A587462975A77300B04A98 /* PBXTargetDependency */ = {
			isa = PBXTargetDependency;
			target = C4A587332975A77000B04A98 /* Machacha */;
			targetProxy = C4A587452975A77300B04A98 /* PBXContainerItemProxy */;
		};
		C4A587502975A77300B04A98 /* PBXTargetDependency */ = {
			isa = PBXTargetDependency;
			target = C4A587332975A77000B04A98 /* Machacha */;
			targetProxy = C4A5874F2975A77300B04A98 /* PBXContainerItemProxy */;
		};
/* End PBXTargetDependency section */

/* Begin XCBuildConfiguration section */
		C4A587562975A77300B04A98 /* Debug */ = {
			isa = XCBuildConfiguration;
			baseConfigurationReference = FAFDD49C2977E8EC008E28AD /* Config.xcconfig */;
			buildSettings = {
				ALWAYS_SEARCH_USER_PATHS = NO;
				CLANG_ANALYZER_NONNULL = YES;
				CLANG_ANALYZER_NUMBER_OBJECT_CONVERSION = YES_AGGRESSIVE;
				CLANG_CXX_LANGUAGE_STANDARD = "gnu++20";
				CLANG_ENABLE_MODULES = YES;
				CLANG_ENABLE_OBJC_ARC = YES;
				CLANG_ENABLE_OBJC_WEAK = YES;
				CLANG_WARN_BLOCK_CAPTURE_AUTORELEASING = YES;
				CLANG_WARN_BOOL_CONVERSION = YES;
				CLANG_WARN_COMMA = YES;
				CLANG_WARN_CONSTANT_CONVERSION = YES;
				CLANG_WARN_DEPRECATED_OBJC_IMPLEMENTATIONS = YES;
				CLANG_WARN_DIRECT_OBJC_ISA_USAGE = YES_ERROR;
				CLANG_WARN_DOCUMENTATION_COMMENTS = YES;
				CLANG_WARN_EMPTY_BODY = YES;
				CLANG_WARN_ENUM_CONVERSION = YES;
				CLANG_WARN_INFINITE_RECURSION = YES;
				CLANG_WARN_INT_CONVERSION = YES;
				CLANG_WARN_NON_LITERAL_NULL_CONVERSION = YES;
				CLANG_WARN_OBJC_IMPLICIT_RETAIN_SELF = YES;
				CLANG_WARN_OBJC_LITERAL_CONVERSION = YES;
				CLANG_WARN_OBJC_ROOT_CLASS = YES_ERROR;
				CLANG_WARN_QUOTED_INCLUDE_IN_FRAMEWORK_HEADER = YES;
				CLANG_WARN_RANGE_LOOP_ANALYSIS = YES;
				CLANG_WARN_STRICT_PROTOTYPES = YES;
				CLANG_WARN_SUSPICIOUS_MOVE = YES;
				CLANG_WARN_UNGUARDED_AVAILABILITY = YES_AGGRESSIVE;
				CLANG_WARN_UNREACHABLE_CODE = YES;
				CLANG_WARN__DUPLICATE_METHOD_MATCH = YES;
				COPY_PHASE_STRIP = NO;
				DEBUG_INFORMATION_FORMAT = dwarf;
				ENABLE_STRICT_OBJC_MSGSEND = YES;
				ENABLE_TESTABILITY = YES;
				GCC_C_LANGUAGE_STANDARD = gnu11;
				GCC_DYNAMIC_NO_PIC = NO;
				GCC_NO_COMMON_BLOCKS = YES;
				GCC_OPTIMIZATION_LEVEL = 0;
				GCC_PREPROCESSOR_DEFINITIONS = (
					"DEBUG=1",
					"$(inherited)",
				);
				GCC_WARN_64_TO_32_BIT_CONVERSION = YES;
				GCC_WARN_ABOUT_RETURN_TYPE = YES_ERROR;
				GCC_WARN_UNDECLARED_SELECTOR = YES;
				GCC_WARN_UNINITIALIZED_AUTOS = YES_AGGRESSIVE;
				GCC_WARN_UNUSED_FUNCTION = YES;
				GCC_WARN_UNUSED_VARIABLE = YES;
				IPHONEOS_DEPLOYMENT_TARGET = 16.2;
				MTL_ENABLE_DEBUG_INFO = INCLUDE_SOURCE;
				MTL_FAST_MATH = YES;
				ONLY_ACTIVE_ARCH = YES;
				SDKROOT = iphoneos;
				SWIFT_ACTIVE_COMPILATION_CONDITIONS = DEBUG;
				SWIFT_OPTIMIZATION_LEVEL = "-Onone";
			};
			name = Debug;
		};
		C4A587572975A77300B04A98 /* Release */ = {
			isa = XCBuildConfiguration;
			baseConfigurationReference = FAFDD49C2977E8EC008E28AD /* Config.xcconfig */;
			buildSettings = {
				ALWAYS_SEARCH_USER_PATHS = NO;
				CLANG_ANALYZER_NONNULL = YES;
				CLANG_ANALYZER_NUMBER_OBJECT_CONVERSION = YES_AGGRESSIVE;
				CLANG_CXX_LANGUAGE_STANDARD = "gnu++20";
				CLANG_ENABLE_MODULES = YES;
				CLANG_ENABLE_OBJC_ARC = YES;
				CLANG_ENABLE_OBJC_WEAK = YES;
				CLANG_WARN_BLOCK_CAPTURE_AUTORELEASING = YES;
				CLANG_WARN_BOOL_CONVERSION = YES;
				CLANG_WARN_COMMA = YES;
				CLANG_WARN_CONSTANT_CONVERSION = YES;
				CLANG_WARN_DEPRECATED_OBJC_IMPLEMENTATIONS = YES;
				CLANG_WARN_DIRECT_OBJC_ISA_USAGE = YES_ERROR;
				CLANG_WARN_DOCUMENTATION_COMMENTS = YES;
				CLANG_WARN_EMPTY_BODY = YES;
				CLANG_WARN_ENUM_CONVERSION = YES;
				CLANG_WARN_INFINITE_RECURSION = YES;
				CLANG_WARN_INT_CONVERSION = YES;
				CLANG_WARN_NON_LITERAL_NULL_CONVERSION = YES;
				CLANG_WARN_OBJC_IMPLICIT_RETAIN_SELF = YES;
				CLANG_WARN_OBJC_LITERAL_CONVERSION = YES;
				CLANG_WARN_OBJC_ROOT_CLASS = YES_ERROR;
				CLANG_WARN_QUOTED_INCLUDE_IN_FRAMEWORK_HEADER = YES;
				CLANG_WARN_RANGE_LOOP_ANALYSIS = YES;
				CLANG_WARN_STRICT_PROTOTYPES = YES;
				CLANG_WARN_SUSPICIOUS_MOVE = YES;
				CLANG_WARN_UNGUARDED_AVAILABILITY = YES_AGGRESSIVE;
				CLANG_WARN_UNREACHABLE_CODE = YES;
				CLANG_WARN__DUPLICATE_METHOD_MATCH = YES;
				COPY_PHASE_STRIP = NO;
				DEBUG_INFORMATION_FORMAT = "dwarf-with-dsym";
				ENABLE_NS_ASSERTIONS = NO;
				ENABLE_STRICT_OBJC_MSGSEND = YES;
				GCC_C_LANGUAGE_STANDARD = gnu11;
				GCC_NO_COMMON_BLOCKS = YES;
				GCC_WARN_64_TO_32_BIT_CONVERSION = YES;
				GCC_WARN_ABOUT_RETURN_TYPE = YES_ERROR;
				GCC_WARN_UNDECLARED_SELECTOR = YES;
				GCC_WARN_UNINITIALIZED_AUTOS = YES_AGGRESSIVE;
				GCC_WARN_UNUSED_FUNCTION = YES;
				GCC_WARN_UNUSED_VARIABLE = YES;
				IPHONEOS_DEPLOYMENT_TARGET = 16.2;
				MTL_ENABLE_DEBUG_INFO = NO;
				MTL_FAST_MATH = YES;
				SDKROOT = iphoneos;
				SWIFT_COMPILATION_MODE = wholemodule;
				SWIFT_OPTIMIZATION_LEVEL = "-O";
				VALIDATE_PRODUCT = YES;
			};
			name = Release;
		};
		C4A587592975A77300B04A98 /* Debug */ = {
			isa = XCBuildConfiguration;
			baseConfigurationReference = FAFDD49C2977E8EC008E28AD /* Config.xcconfig */;
			buildSettings = {
				ASSETCATALOG_COMPILER_APPICON_NAME = AppIcon;
				ASSETCATALOG_COMPILER_GLOBAL_ACCENT_COLOR_NAME = AccentColor;
				CODE_SIGN_STYLE = Automatic;
				CURRENT_PROJECT_VERSION = 1;
				DEVELOPMENT_ASSET_PATHS = "\"Machacha/Preview Content\"";
				ENABLE_PREVIEWS = YES;
				GENERATE_INFOPLIST_FILE = YES;
				INFOPLIST_FILE = Machacha/Info.plist;
				INFOPLIST_KEY_LSApplicationCategoryType = "";
				INFOPLIST_KEY_NSLocationWhenInUseUsageDescription = "해당 앱은 플레이스 정보 조회를 위해 사용자의 현위치를 조회합니다.";
				INFOPLIST_KEY_UIApplicationSceneManifest_Generation = YES;
				INFOPLIST_KEY_UIApplicationSupportsIndirectInputEvents = YES;
				INFOPLIST_KEY_UILaunchScreen_Generation = YES;
				INFOPLIST_KEY_UISupportedInterfaceOrientations = UIInterfaceOrientationPortrait;
				INFOPLIST_KEY_UISupportedInterfaceOrientations_iPad = "UIInterfaceOrientationLandscapeLeft UIInterfaceOrientationLandscapeRight UIInterfaceOrientationPortrait UIInterfaceOrientationPortraitUpsideDown";
				IPHONEOS_DEPLOYMENT_TARGET = 16.0;
				LD_RUNPATH_SEARCH_PATHS = (
					"$(inherited)",
					"@executable_path/Frameworks",
				);
				MARKETING_VERSION = 1.0;
				PRODUCT_BUNDLE_IDENTIFIER = lionlike.project.Machacha;
				PRODUCT_NAME = "$(TARGET_NAME)";
				SWIFT_EMIT_LOC_STRINGS = YES;
				SWIFT_VERSION = 5.0;
				TARGETED_DEVICE_FAMILY = "1,2";
			};
			name = Debug;
		};
		C4A5875A2975A77300B04A98 /* Release */ = {
			isa = XCBuildConfiguration;
			baseConfigurationReference = FAFDD49C2977E8EC008E28AD /* Config.xcconfig */;
			buildSettings = {
				ASSETCATALOG_COMPILER_APPICON_NAME = AppIcon;
				ASSETCATALOG_COMPILER_GLOBAL_ACCENT_COLOR_NAME = AccentColor;
				CODE_SIGN_STYLE = Automatic;
				CURRENT_PROJECT_VERSION = 1;
				DEVELOPMENT_ASSET_PATHS = "\"Machacha/Preview Content\"";
				ENABLE_PREVIEWS = YES;
				GENERATE_INFOPLIST_FILE = YES;
				INFOPLIST_FILE = Machacha/Info.plist;
				INFOPLIST_KEY_LSApplicationCategoryType = "";
				INFOPLIST_KEY_NSLocationWhenInUseUsageDescription = "해당 앱은 플레이스 정보 조회를 위해 사용자의 현위치를 조회합니다.";
				INFOPLIST_KEY_UIApplicationSceneManifest_Generation = YES;
				INFOPLIST_KEY_UIApplicationSupportsIndirectInputEvents = YES;
				INFOPLIST_KEY_UILaunchScreen_Generation = YES;
				INFOPLIST_KEY_UISupportedInterfaceOrientations = UIInterfaceOrientationPortrait;
				INFOPLIST_KEY_UISupportedInterfaceOrientations_iPad = "UIInterfaceOrientationLandscapeLeft UIInterfaceOrientationLandscapeRight UIInterfaceOrientationPortrait UIInterfaceOrientationPortraitUpsideDown";
				IPHONEOS_DEPLOYMENT_TARGET = 16.0;
				LD_RUNPATH_SEARCH_PATHS = (
					"$(inherited)",
					"@executable_path/Frameworks",
				);
				MARKETING_VERSION = 1.0;
				PRODUCT_BUNDLE_IDENTIFIER = lionlike.project.Machacha;
				PRODUCT_NAME = "$(TARGET_NAME)";
				SWIFT_EMIT_LOC_STRINGS = YES;
				SWIFT_VERSION = 5.0;
				TARGETED_DEVICE_FAMILY = "1,2";
			};
			name = Release;
		};
		C4A5875C2975A77300B04A98 /* Debug */ = {
			isa = XCBuildConfiguration;
			buildSettings = {
				ALWAYS_EMBED_SWIFT_STANDARD_LIBRARIES = YES;
				BUNDLE_LOADER = "$(TEST_HOST)";
				CODE_SIGN_STYLE = Automatic;
				CURRENT_PROJECT_VERSION = 1;
				GENERATE_INFOPLIST_FILE = YES;
				IPHONEOS_DEPLOYMENT_TARGET = 16.2;
				MARKETING_VERSION = 1.0;
				PRODUCT_BUNDLE_IDENTIFIER = lionlike.project.MachachaTests;
				PRODUCT_NAME = "$(TARGET_NAME)";
				SWIFT_EMIT_LOC_STRINGS = NO;
				SWIFT_VERSION = 5.0;
				TARGETED_DEVICE_FAMILY = "1,2";
				TEST_HOST = "$(BUILT_PRODUCTS_DIR)/Machacha.app/$(BUNDLE_EXECUTABLE_FOLDER_PATH)/Machacha";
			};
			name = Debug;
		};
		C4A5875D2975A77300B04A98 /* Release */ = {
			isa = XCBuildConfiguration;
			buildSettings = {
				ALWAYS_EMBED_SWIFT_STANDARD_LIBRARIES = YES;
				BUNDLE_LOADER = "$(TEST_HOST)";
				CODE_SIGN_STYLE = Automatic;
				CURRENT_PROJECT_VERSION = 1;
				GENERATE_INFOPLIST_FILE = YES;
				IPHONEOS_DEPLOYMENT_TARGET = 16.2;
				MARKETING_VERSION = 1.0;
				PRODUCT_BUNDLE_IDENTIFIER = lionlike.project.MachachaTests;
				PRODUCT_NAME = "$(TARGET_NAME)";
				SWIFT_EMIT_LOC_STRINGS = NO;
				SWIFT_VERSION = 5.0;
				TARGETED_DEVICE_FAMILY = "1,2";
				TEST_HOST = "$(BUILT_PRODUCTS_DIR)/Machacha.app/$(BUNDLE_EXECUTABLE_FOLDER_PATH)/Machacha";
			};
			name = Release;
		};
		C4A5875F2975A77300B04A98 /* Debug */ = {
			isa = XCBuildConfiguration;
			buildSettings = {
				ALWAYS_EMBED_SWIFT_STANDARD_LIBRARIES = YES;
				CODE_SIGN_STYLE = Automatic;
				CURRENT_PROJECT_VERSION = 1;
				GENERATE_INFOPLIST_FILE = YES;
				MARKETING_VERSION = 1.0;
				PRODUCT_BUNDLE_IDENTIFIER = lionlike.project.MachachaUITests;
				PRODUCT_NAME = "$(TARGET_NAME)";
				SWIFT_EMIT_LOC_STRINGS = NO;
				SWIFT_VERSION = 5.0;
				TARGETED_DEVICE_FAMILY = "1,2";
				TEST_TARGET_NAME = Machacha;
			};
			name = Debug;
		};
		C4A587602975A77300B04A98 /* Release */ = {
			isa = XCBuildConfiguration;
			buildSettings = {
				ALWAYS_EMBED_SWIFT_STANDARD_LIBRARIES = YES;
				CODE_SIGN_STYLE = Automatic;
				CURRENT_PROJECT_VERSION = 1;
				GENERATE_INFOPLIST_FILE = YES;
				MARKETING_VERSION = 1.0;
				PRODUCT_BUNDLE_IDENTIFIER = lionlike.project.MachachaUITests;
				PRODUCT_NAME = "$(TARGET_NAME)";
				SWIFT_EMIT_LOC_STRINGS = NO;
				SWIFT_VERSION = 5.0;
				TARGETED_DEVICE_FAMILY = "1,2";
				TEST_TARGET_NAME = Machacha;
			};
			name = Release;
		};
/* End XCBuildConfiguration section */

/* Begin XCConfigurationList section */
		C4A5872F2975A77000B04A98 /* Build configuration list for PBXProject "Machacha" */ = {
			isa = XCConfigurationList;
			buildConfigurations = (
				C4A587562975A77300B04A98 /* Debug */,
				C4A587572975A77300B04A98 /* Release */,
			);
			defaultConfigurationIsVisible = 0;
			defaultConfigurationName = Release;
		};
		C4A587582975A77300B04A98 /* Build configuration list for PBXNativeTarget "Machacha" */ = {
			isa = XCConfigurationList;
			buildConfigurations = (
				C4A587592975A77300B04A98 /* Debug */,
				C4A5875A2975A77300B04A98 /* Release */,
			);
			defaultConfigurationIsVisible = 0;
			defaultConfigurationName = Release;
		};
		C4A5875B2975A77300B04A98 /* Build configuration list for PBXNativeTarget "MachachaTests" */ = {
			isa = XCConfigurationList;
			buildConfigurations = (
				C4A5875C2975A77300B04A98 /* Debug */,
				C4A5875D2975A77300B04A98 /* Release */,
			);
			defaultConfigurationIsVisible = 0;
			defaultConfigurationName = Release;
		};
		C4A5875E2975A77300B04A98 /* Build configuration list for PBXNativeTarget "MachachaUITests" */ = {
			isa = XCConfigurationList;
			buildConfigurations = (
				C4A5875F2975A77300B04A98 /* Debug */,
				C4A587602975A77300B04A98 /* Release */,
			);
			defaultConfigurationIsVisible = 0;
			defaultConfigurationName = Release;
		};
/* End XCConfigurationList section */

/* Begin XCRemoteSwiftPackageReference section */
		6A8EBDA229778AB300964C9D /* XCRemoteSwiftPackageReference "NMapsMap-SPM" */ = {
			isa = XCRemoteSwiftPackageReference;
			repositoryURL = "https://github.com/jaemyeong/NMapsMap-SPM.git";
			requirement = {
				branch = main;
				kind = branch;
			};
		};
		C4D5C050297A73F7003CF061 /* XCRemoteSwiftPackageReference "Cluster" */ = {
			isa = XCRemoteSwiftPackageReference;
			repositoryURL = "https://github.com/efremidze/Cluster.git";
			requirement = {
				kind = upToNextMajorVersion;
				minimumVersion = 3.0.0;
			};
		};
		C4D5C054297A7E22003CF061 /* XCRemoteSwiftPackageReference "firebase-ios-sdk" */ = {
			isa = XCRemoteSwiftPackageReference;
			repositoryURL = "https://github.com/firebase/firebase-ios-sdk";
			requirement = {
				branch = master;
				kind = branch;
			};
		};
		FAFDD4772977873A008E28AD /* XCRemoteSwiftPackageReference "naveridlogin-sdk-ios-spm" */ = {
			isa = XCRemoteSwiftPackageReference;
			repositoryURL = "https://github.com/jaemyeong/naveridlogin-sdk-ios-spm";
			requirement = {
				kind = upToNextMajorVersion;
				minimumVersion = 4.0.0;
			};
		};
		FAFDD47A29779202008E28AD /* XCRemoteSwiftPackageReference "Alamofire" */ = {
			isa = XCRemoteSwiftPackageReference;
			repositoryURL = "https://github.com/Alamofire/Alamofire";
			requirement = {
				kind = upToNextMajorVersion;
				minimumVersion = 5.0.0;
			};
		};
		FAFDD47D2977B02D008E28AD /* XCRemoteSwiftPackageReference "kakao-ios-sdk" */ = {
			isa = XCRemoteSwiftPackageReference;
			repositoryURL = "https://github.com/kakao/kakao-ios-sdk";
			requirement = {
				branch = master;
				kind = branch;
			};
		};
		FAFDD4932977C680008E28AD /* XCRemoteSwiftPackageReference "GoogleSignIn-iOS" */ = {
			isa = XCRemoteSwiftPackageReference;
			repositoryURL = "https://github.com/google/GoogleSignIn-iOS";
			requirement = {
				kind = upToNextMajorVersion;
				minimumVersion = 7.0.0;
			};
		};
/* End XCRemoteSwiftPackageReference section */

/* Begin XCSwiftPackageProductDependency section */
		6A8EBDA329778AB300964C9D /* NMapsMap */ = {
			isa = XCSwiftPackageProductDependency;
			package = 6A8EBDA229778AB300964C9D /* XCRemoteSwiftPackageReference "NMapsMap-SPM" */;
			productName = NMapsMap;
		};
		C4D5C051297A73F7003CF061 /* Cluster */ = {
			isa = XCSwiftPackageProductDependency;
			package = C4D5C050297A73F7003CF061 /* XCRemoteSwiftPackageReference "Cluster" */;
			productName = Cluster;
		};
		C4D5C055297A7E22003CF061 /* FirebaseAuth */ = {
			isa = XCSwiftPackageProductDependency;
			package = C4D5C054297A7E22003CF061 /* XCRemoteSwiftPackageReference "firebase-ios-sdk" */;
			productName = FirebaseAuth;
		};
		C4D5C057297A7E22003CF061 /* FirebaseFirestore */ = {
			isa = XCSwiftPackageProductDependency;
			package = C4D5C054297A7E22003CF061 /* XCRemoteSwiftPackageReference "firebase-ios-sdk" */;
			productName = FirebaseFirestore;
		};
		C4D5C059297A7E22003CF061 /* FirebaseFirestoreSwift */ = {
			isa = XCSwiftPackageProductDependency;
			package = C4D5C054297A7E22003CF061 /* XCRemoteSwiftPackageReference "firebase-ios-sdk" */;
			productName = FirebaseFirestoreSwift;
		};
		C4D5C05B297A7E22003CF061 /* FirebaseStorage */ = {
			isa = XCSwiftPackageProductDependency;
			package = C4D5C054297A7E22003CF061 /* XCRemoteSwiftPackageReference "firebase-ios-sdk" */;
			productName = FirebaseStorage;
		};
		FAFDD4782977873A008E28AD /* NaverThirdPartyLogin */ = {
			isa = XCSwiftPackageProductDependency;
			package = FAFDD4772977873A008E28AD /* XCRemoteSwiftPackageReference "naveridlogin-sdk-ios-spm" */;
			productName = NaverThirdPartyLogin;
		};
		FAFDD47B29779202008E28AD /* Alamofire */ = {
			isa = XCSwiftPackageProductDependency;
			package = FAFDD47A29779202008E28AD /* XCRemoteSwiftPackageReference "Alamofire" */;
			productName = Alamofire;
		};
		FAFDD47E2977B02D008E28AD /* KakaoSDK */ = {
			isa = XCSwiftPackageProductDependency;
			package = FAFDD47D2977B02D008E28AD /* XCRemoteSwiftPackageReference "kakao-ios-sdk" */;
			productName = KakaoSDK;
		};
		FAFDD4802977B02D008E28AD /* KakaoSDKAuth */ = {
			isa = XCSwiftPackageProductDependency;
			package = FAFDD47D2977B02D008E28AD /* XCRemoteSwiftPackageReference "kakao-ios-sdk" */;
			productName = KakaoSDKAuth;
		};
		FAFDD4822977B02D008E28AD /* KakaoSDKCommon */ = {
			isa = XCSwiftPackageProductDependency;
			package = FAFDD47D2977B02D008E28AD /* XCRemoteSwiftPackageReference "kakao-ios-sdk" */;
			productName = KakaoSDKCommon;
		};
		FAFDD4842977B02D008E28AD /* KakaoSDKCommonCore */ = {
			isa = XCSwiftPackageProductDependency;
			package = FAFDD47D2977B02D008E28AD /* XCRemoteSwiftPackageReference "kakao-ios-sdk" */;
			productName = KakaoSDKCommonCore;
		};
		FAFDD4862977B02D008E28AD /* KakaoSDKShare */ = {
			isa = XCSwiftPackageProductDependency;
			package = FAFDD47D2977B02D008E28AD /* XCRemoteSwiftPackageReference "kakao-ios-sdk" */;
			productName = KakaoSDKShare;
		};
		FAFDD4882977B02D008E28AD /* KakaoSDKTalk */ = {
			isa = XCSwiftPackageProductDependency;
			package = FAFDD47D2977B02D008E28AD /* XCRemoteSwiftPackageReference "kakao-ios-sdk" */;
			productName = KakaoSDKTalk;
		};
		FAFDD48A2977B02D008E28AD /* KakaoSDKTemplate */ = {
			isa = XCSwiftPackageProductDependency;
			package = FAFDD47D2977B02D008E28AD /* XCRemoteSwiftPackageReference "kakao-ios-sdk" */;
			productName = KakaoSDKTemplate;
		};
		FAFDD48C2977B02D008E28AD /* KakaoSDKUser */ = {
			isa = XCSwiftPackageProductDependency;
			package = FAFDD47D2977B02D008E28AD /* XCRemoteSwiftPackageReference "kakao-ios-sdk" */;
			productName = KakaoSDKUser;
		};
		FAFDD4942977C680008E28AD /* GoogleSignIn */ = {
			isa = XCSwiftPackageProductDependency;
			package = FAFDD4932977C680008E28AD /* XCRemoteSwiftPackageReference "GoogleSignIn-iOS" */;
			productName = GoogleSignIn;
		};
		FAFDD4962977C680008E28AD /* GoogleSignInSwift */ = {
			isa = XCSwiftPackageProductDependency;
			package = FAFDD4932977C680008E28AD /* XCRemoteSwiftPackageReference "GoogleSignIn-iOS" */;
			productName = GoogleSignInSwift;
		};
/* End XCSwiftPackageProductDependency section */
	};
	rootObject = C4A5872C2975A77000B04A98 /* Project object */;
}
