{
  "pins" : [
    {
      "identity" : "alamofire",
      "kind" : "remoteSourceControl",
      "location" : "https://github.com/Alamofire/Alamofire",
      "state" : {
        "revision" : "78424be314842833c04bc3bef5b72e85fff99204",
        "version" : "5.6.4"
      }
    },
    {
      "identity" : "appauth-ios",
      "kind" : "remoteSourceControl",
      "location" : "https://github.com/openid/AppAuth-iOS.git",
      "state" : {
        "revision" : "3d36a58a2b736f7bc499453e996a704929b25080",
        "version" : "1.6.0"
      }
    },
    {
      "identity" : "googlesignin-ios",
      "kind" : "remoteSourceControl",
      "location" : "https://github.com/google/GoogleSignIn-iOS",
      "state" : {
        "revision" : "7932d33686c1dc4d7df7a919aae47361d1cdfda4",
        "version" : "7.0.0"
      }
    },
    {
      "identity" : "gtm-session-fetcher",
      "kind" : "remoteSourceControl",
      "location" : "https://github.com/google/gtm-session-fetcher.git",
      "state" : {
        "revision" : "96d7cc73a71ce950723aa3c50ce4fb275ae180b8",
        "version" : "3.1.0"
      }
    },
    {
      "identity" : "gtmappauth",
      "kind" : "remoteSourceControl",
      "location" : "https://github.com/google/GTMAppAuth.git",
      "state" : {
        "revision" : "cee3c709307912d040bd1e06ca919875a92339c6",
        "version" : "2.0.0"
      }
    },
    {
      "identity" : "kakao-ios-sdk",
      "kind" : "remoteSourceControl",
      "location" : "https://github.com/kakao/kakao-ios-sdk",
      "state" : {
        "branch" : "master",
        "revision" : "b1d700ddaba7c7ff8eea56145a2b11fcb6ae037e"
      }
    },
    {
      "identity" : "naveridlogin-sdk-ios-spm",
      "kind" : "remoteSourceControl",
      "location" : "https://github.com/jaemyeong/naveridlogin-sdk-ios-spm",
      "state" : {
        "revision" : "1569710ec29bc923492bbf7025423038e628c1e2",
        "version" : "4.1.5"
      }
    },
    {
      "identity" : "nmapsmap-spm",
      "kind" : "remoteSourceControl",
      "location" : "https://github.com/jaemyeong/NMapsMap-SPM.git",
      "state" : {
        "branch" : "main",
        "revision" : "839d2d2a76abc8e352ccec7d2ae5755bb4cf0387"
      }
    }
  ],
  "version" : 2
}
