// !$*UTF8*$!
{
	archiveVersion = 1;
	classes = {
	};
	objectVersion = 56;
	objects = {

/* Begin PBXBuildFile section */
		524264E556A3C4D8EB4ACE17 /* Pods_Machacha.framework in Frameworks */ = {isa = PBXBuildFile; fileRef = 30FB504C32748BFCFE0FC423 /* Pods_Machacha.framework */; };
		5C6D30C7A229468EEB9046BC /* Pods_MachachaTests.framework in Frameworks */ = {isa = PBXBuildFile; fileRef = 9DC06A0F0CF337EAA1D5E76D /* Pods_MachachaTests.framework */; };
		8F89968FBA8E5CCFE032F4EE /* Pods_Machacha_MachachaUITests.framework in Frameworks */ = {isa = PBXBuildFile; fileRef = FB29B4429F0576D762BDF8C0 /* Pods_Machacha_MachachaUITests.framework */; };
		C4A587382975A77000B04A98 /* MachachaApp.swift in Sources */ = {isa = PBXBuildFile; fileRef = C4A587372975A77000B04A98 /* MachachaApp.swift */; };
		C4A5873A2975A77000B04A98 /* ContentView.swift in Sources */ = {isa = PBXBuildFile; fileRef = C4A587392975A77000B04A98 /* ContentView.swift */; };
		C4A5873C2975A77300B04A98 /* Assets.xcassets in Resources */ = {isa = PBXBuildFile; fileRef = C4A5873B2975A77300B04A98 /* Assets.xcassets */; };
		C4A5873F2975A77300B04A98 /* Preview Assets.xcassets in Resources */ = {isa = PBXBuildFile; fileRef = C4A5873E2975A77300B04A98 /* Preview Assets.xcassets */; };
		C4A587492975A77300B04A98 /* MachachaTests.swift in Sources */ = {isa = PBXBuildFile; fileRef = C4A587482975A77300B04A98 /* MachachaTests.swift */; };
		C4A587532975A77300B04A98 /* MachachaUITests.swift in Sources */ = {isa = PBXBuildFile; fileRef = C4A587522975A77300B04A98 /* MachachaUITests.swift */; };
		C4A587552975A77300B04A98 /* MachachaUITestsLaunchTests.swift in Sources */ = {isa = PBXBuildFile; fileRef = C4A587542975A77300B04A98 /* MachachaUITestsLaunchTests.swift */; };
		C4A587742975A8D300B04A98 /* BtnModifier.swift in Sources */ = {isa = PBXBuildFile; fileRef = C4A587632975A8D300B04A98 /* BtnModifier.swift */; };
		C4A587752975A8D300B04A98 /* Constants.swift in Sources */ = {isa = PBXBuildFile; fileRef = C4A587652975A8D300B04A98 /* Constants.swift */; };
		C4A587762975A8D300B04A98 /* Ex+String.swift in Sources */ = {isa = PBXBuildFile; fileRef = C4A587672975A8D300B04A98 /* Ex+String.swift */; };
		C4A587772975A8D300B04A98 /* Ex+Color.swift in Sources */ = {isa = PBXBuildFile; fileRef = C4A587682975A8D300B04A98 /* Ex+Color.swift */; };
		C4A587792975A8D300B04A98 /* Pretendard-Regular.otf in Resources */ = {isa = PBXBuildFile; fileRef = C4A5876B2975A8D300B04A98 /* Pretendard-Regular.otf */; };
		C4A5877A2975A8D300B04A98 /* Pretendard-Black.otf in Resources */ = {isa = PBXBuildFile; fileRef = C4A5876C2975A8D300B04A98 /* Pretendard-Black.otf */; };
		C4A5877B2975A8D300B04A98 /* Pretendard-Medium.otf in Resources */ = {isa = PBXBuildFile; fileRef = C4A5876D2975A8D300B04A98 /* Pretendard-Medium.otf */; };
		C4A5877C2975A8D300B04A98 /* Pretendard-Light.otf in Resources */ = {isa = PBXBuildFile; fileRef = C4A5876E2975A8D300B04A98 /* Pretendard-Light.otf */; };
		C4A5877D2975A8D300B04A98 /* Pretendard-ExtraBold.otf in Resources */ = {isa = PBXBuildFile; fileRef = C4A5876F2975A8D300B04A98 /* Pretendard-ExtraBold.otf */; };
		C4A5877E2975A8D300B04A98 /* Pretendard-Bold.otf in Resources */ = {isa = PBXBuildFile; fileRef = C4A587702975A8D300B04A98 /* Pretendard-Bold.otf */; };
		C4A5877F2975A8D300B04A98 /* Pretendard-Thin.otf in Resources */ = {isa = PBXBuildFile; fileRef = C4A587712975A8D300B04A98 /* Pretendard-Thin.otf */; };
		C4A587802975A8D300B04A98 /* Pretendard-ExtraLight.otf in Resources */ = {isa = PBXBuildFile; fileRef = C4A587722975A8D300B04A98 /* Pretendard-ExtraLight.otf */; };
		C4A587812975A8D300B04A98 /* Pretendard-SemiBold.otf in Resources */ = {isa = PBXBuildFile; fileRef = C4A587732975A8D300B04A98 /* Pretendard-SemiBold.otf */; };
		C4A5878D29768C4E00B04A98 /* User.swift in Sources */ = {isa = PBXBuildFile; fileRef = C4A5878C29768C4E00B04A98 /* User.swift */; };
		C4A5879029768C6200B04A98 /* AuthViewModel.swift in Sources */ = {isa = PBXBuildFile; fileRef = C4A5878F29768C6200B04A98 /* AuthViewModel.swift */; };
		C4A5879D29768D4200B04A98 /* LoginView.swift in Sources */ = {isa = PBXBuildFile; fileRef = C4A5879C29768D4200B04A98 /* LoginView.swift */; };
		C4A5879F29768D4800B04A98 /* SplashView.swift in Sources */ = {isa = PBXBuildFile; fileRef = C4A5879E29768D4800B04A98 /* SplashView.swift */; };
		C4A587A129768D5B00B04A98 /* HomeView.swift in Sources */ = {isa = PBXBuildFile; fileRef = C4A587A029768D5B00B04A98 /* HomeView.swift */; };
		C4A587A529768DE300B04A98 /* MapSearchView.swift in Sources */ = {isa = PBXBuildFile; fileRef = C4A587A429768DE300B04A98 /* MapSearchView.swift */; };
		C4A587A729768E2C00B04A98 /* RegisterView.swift in Sources */ = {isa = PBXBuildFile; fileRef = C4A587A629768E2C00B04A98 /* RegisterView.swift */; };
		C4A587A929768E3400B04A98 /* MagazineView.swift in Sources */ = {isa = PBXBuildFile; fileRef = C4A587A829768E3400B04A98 /* MagazineView.swift */; };
		C4A587AB29768E3E00B04A98 /* ProfileView.swift in Sources */ = {isa = PBXBuildFile; fileRef = C4A587AA29768E3E00B04A98 /* ProfileView.swift */; };
		C4A587AD29768E4500B04A98 /* DetailView.swift in Sources */ = {isa = PBXBuildFile; fileRef = C4A587AC29768E4500B04A98 /* DetailView.swift */; };
		C4A587AF29768E6600B04A98 /* CustomTabView.swift in Sources */ = {isa = PBXBuildFile; fileRef = C4A587AE29768E6600B04A98 /* CustomTabView.swift */; };
		C4A587B5297693FA00B04A98 /* NanumSquareRoundOTFEB.otf in Resources */ = {isa = PBXBuildFile; fileRef = C4A587B1297693F900B04A98 /* NanumSquareRoundOTFEB.otf */; };
		C4A587B6297693FA00B04A98 /* NanumSquareRoundOTFR.otf in Resources */ = {isa = PBXBuildFile; fileRef = C4A587B2297693FA00B04A98 /* NanumSquareRoundOTFR.otf */; };
		C4A587B7297693FA00B04A98 /* NanumSquareRoundOTFL.otf in Resources */ = {isa = PBXBuildFile; fileRef = C4A587B3297693FA00B04A98 /* NanumSquareRoundOTFL.otf */; };
		C4A587B8297693FA00B04A98 /* NanumSquareRoundOTFB.otf in Resources */ = {isa = PBXBuildFile; fileRef = C4A587B4297693FA00B04A98 /* NanumSquareRoundOTFB.otf */; };
		C4A587BA2976960300B04A98 /* Ex+Font.swift in Sources */ = {isa = PBXBuildFile; fileRef = C4A587B92976960300B04A98 /* Ex+Font.swift */; };
/* End PBXBuildFile section */

/* Begin PBXContainerItemProxy section */
		C4A587452975A77300B04A98 /* PBXContainerItemProxy */ = {
			isa = PBXContainerItemProxy;
			containerPortal = C4A5872C2975A77000B04A98 /* Project object */;
			proxyType = 1;
			remoteGlobalIDString = C4A587332975A77000B04A98;
			remoteInfo = Machacha;
		};
		C4A5874F2975A77300B04A98 /* PBXContainerItemProxy */ = {
			isa = PBXContainerItemProxy;
			containerPortal = C4A5872C2975A77000B04A98 /* Project object */;
			proxyType = 1;
			remoteGlobalIDString = C4A587332975A77000B04A98;
			remoteInfo = Machacha;
		};
/* End PBXContainerItemProxy section */

/* Begin PBXFileReference section */
		115EA2B0F85CD8BDB43B5463 /* Pods-MachachaTests.release.xcconfig */ = {isa = PBXFileReference; includeInIndex = 1; lastKnownFileType = text.xcconfig; name = "Pods-MachachaTests.release.xcconfig"; path = "Target Support Files/Pods-MachachaTests/Pods-MachachaTests.release.xcconfig"; sourceTree = "<group>"; };
		178CE577D81CEC2B97540A12 /* Pods-Machacha.release.xcconfig */ = {isa = PBXFileReference; includeInIndex = 1; lastKnownFileType = text.xcconfig; name = "Pods-Machacha.release.xcconfig"; path = "Target Support Files/Pods-Machacha/Pods-Machacha.release.xcconfig"; sourceTree = "<group>"; };
		30FB504C32748BFCFE0FC423 /* Pods_Machacha.framework */ = {isa = PBXFileReference; explicitFileType = wrapper.framework; includeInIndex = 0; path = Pods_Machacha.framework; sourceTree = BUILT_PRODUCTS_DIR; };
		7596C85340029F4E9EF8C276 /* Pods-MachachaTests.debug.xcconfig */ = {isa = PBXFileReference; includeInIndex = 1; lastKnownFileType = text.xcconfig; name = "Pods-MachachaTests.debug.xcconfig"; path = "Target Support Files/Pods-MachachaTests/Pods-MachachaTests.debug.xcconfig"; sourceTree = "<group>"; };
		9DC06A0F0CF337EAA1D5E76D /* Pods_MachachaTests.framework */ = {isa = PBXFileReference; explicitFileType = wrapper.framework; includeInIndex = 0; path = Pods_MachachaTests.framework; sourceTree = BUILT_PRODUCTS_DIR; };
		A8E562DEDED46474EDC25DEB /* Pods-Machacha-MachachaUITests.debug.xcconfig */ = {isa = PBXFileReference; includeInIndex = 1; lastKnownFileType = text.xcconfig; name = "Pods-Machacha-MachachaUITests.debug.xcconfig"; path = "Target Support Files/Pods-Machacha-MachachaUITests/Pods-Machacha-MachachaUITests.debug.xcconfig"; sourceTree = "<group>"; };
		C314FEB98DC5D93EF458FFD7 /* Pods-Machacha-MachachaUITests.release.xcconfig */ = {isa = PBXFileReference; includeInIndex = 1; lastKnownFileType = text.xcconfig; name = "Pods-Machacha-MachachaUITests.release.xcconfig"; path = "Target Support Files/Pods-Machacha-MachachaUITests/Pods-Machacha-MachachaUITests.release.xcconfig"; sourceTree = "<group>"; };
		C4A587342975A77000B04A98 /* Machacha.app */ = {isa = PBXFileReference; explicitFileType = wrapper.application; includeInIndex = 0; path = Machacha.app; sourceTree = BUILT_PRODUCTS_DIR; };
		C4A587372975A77000B04A98 /* MachachaApp.swift */ = {isa = PBXFileReference; lastKnownFileType = sourcecode.swift; path = MachachaApp.swift; sourceTree = "<group>"; };
		C4A587392975A77000B04A98 /* ContentView.swift */ = {isa = PBXFileReference; lastKnownFileType = sourcecode.swift; path = ContentView.swift; sourceTree = "<group>"; };
		C4A5873B2975A77300B04A98 /* Assets.xcassets */ = {isa = PBXFileReference; lastKnownFileType = folder.assetcatalog; path = Assets.xcassets; sourceTree = "<group>"; };
		C4A5873E2975A77300B04A98 /* Preview Assets.xcassets */ = {isa = PBXFileReference; lastKnownFileType = folder.assetcatalog; path = "Preview Assets.xcassets"; sourceTree = "<group>"; };
		C4A587442975A77300B04A98 /* MachachaTests.xctest */ = {isa = PBXFileReference; explicitFileType = wrapper.cfbundle; includeInIndex = 0; path = MachachaTests.xctest; sourceTree = BUILT_PRODUCTS_DIR; };
		C4A587482975A77300B04A98 /* MachachaTests.swift */ = {isa = PBXFileReference; lastKnownFileType = sourcecode.swift; path = MachachaTests.swift; sourceTree = "<group>"; };
		C4A5874E2975A77300B04A98 /* MachachaUITests.xctest */ = {isa = PBXFileReference; explicitFileType = wrapper.cfbundle; includeInIndex = 0; path = MachachaUITests.xctest; sourceTree = BUILT_PRODUCTS_DIR; };
		C4A587522975A77300B04A98 /* MachachaUITests.swift */ = {isa = PBXFileReference; lastKnownFileType = sourcecode.swift; path = MachachaUITests.swift; sourceTree = "<group>"; };
		C4A587542975A77300B04A98 /* MachachaUITestsLaunchTests.swift */ = {isa = PBXFileReference; lastKnownFileType = sourcecode.swift; path = MachachaUITestsLaunchTests.swift; sourceTree = "<group>"; };
		C4A587632975A8D300B04A98 /* BtnModifier.swift */ = {isa = PBXFileReference; fileEncoding = 4; lastKnownFileType = sourcecode.swift; path = BtnModifier.swift; sourceTree = "<group>"; };
		C4A587652975A8D300B04A98 /* Constants.swift */ = {isa = PBXFileReference; fileEncoding = 4; lastKnownFileType = sourcecode.swift; path = Constants.swift; sourceTree = "<group>"; };
		C4A587672975A8D300B04A98 /* Ex+String.swift */ = {isa = PBXFileReference; fileEncoding = 4; lastKnownFileType = sourcecode.swift; path = "Ex+String.swift"; sourceTree = "<group>"; };
		C4A587682975A8D300B04A98 /* Ex+Color.swift */ = {isa = PBXFileReference; fileEncoding = 4; lastKnownFileType = sourcecode.swift; path = "Ex+Color.swift"; sourceTree = "<group>"; };
		C4A5876B2975A8D300B04A98 /* Pretendard-Regular.otf */ = {isa = PBXFileReference; lastKnownFileType = file; path = "Pretendard-Regular.otf"; sourceTree = "<group>"; };
		C4A5876C2975A8D300B04A98 /* Pretendard-Black.otf */ = {isa = PBXFileReference; lastKnownFileType = file; path = "Pretendard-Black.otf"; sourceTree = "<group>"; };
		C4A5876D2975A8D300B04A98 /* Pretendard-Medium.otf */ = {isa = PBXFileReference; lastKnownFileType = file; path = "Pretendard-Medium.otf"; sourceTree = "<group>"; };
		C4A5876E2975A8D300B04A98 /* Pretendard-Light.otf */ = {isa = PBXFileReference; lastKnownFileType = file; path = "Pretendard-Light.otf"; sourceTree = "<group>"; };
		C4A5876F2975A8D300B04A98 /* Pretendard-ExtraBold.otf */ = {isa = PBXFileReference; lastKnownFileType = file; path = "Pretendard-ExtraBold.otf"; sourceTree = "<group>"; };
		C4A587702975A8D300B04A98 /* Pretendard-Bold.otf */ = {isa = PBXFileReference; lastKnownFileType = file; path = "Pretendard-Bold.otf"; sourceTree = "<group>"; };
		C4A587712975A8D300B04A98 /* Pretendard-Thin.otf */ = {isa = PBXFileReference; lastKnownFileType = file; path = "Pretendard-Thin.otf"; sourceTree = "<group>"; };
		C4A587722975A8D300B04A98 /* Pretendard-ExtraLight.otf */ = {isa = PBXFileReference; lastKnownFileType = file; path = "Pretendard-ExtraLight.otf"; sourceTree = "<group>"; };
		C4A587732975A8D300B04A98 /* Pretendard-SemiBold.otf */ = {isa = PBXFileReference; lastKnownFileType = file; path = "Pretendard-SemiBold.otf"; sourceTree = "<group>"; };
		C4A587862975AA0700B04A98 /* Info.plist */ = {isa = PBXFileReference; fileEncoding = 4; lastKnownFileType = text.plist.xml; path = Info.plist; sourceTree = "<group>"; };
		C4A5878C29768C4E00B04A98 /* User.swift */ = {isa = PBXFileReference; lastKnownFileType = sourcecode.swift; path = User.swift; sourceTree = "<group>"; };
		C4A5878F29768C6200B04A98 /* AuthViewModel.swift */ = {isa = PBXFileReference; lastKnownFileType = sourcecode.swift; path = AuthViewModel.swift; sourceTree = "<group>"; };
		C4A5879C29768D4200B04A98 /* LoginView.swift */ = {isa = PBXFileReference; lastKnownFileType = sourcecode.swift; path = LoginView.swift; sourceTree = "<group>"; };
		C4A5879E29768D4800B04A98 /* SplashView.swift */ = {isa = PBXFileReference; lastKnownFileType = sourcecode.swift; path = SplashView.swift; sourceTree = "<group>"; };
		C4A587A029768D5B00B04A98 /* HomeView.swift */ = {isa = PBXFileReference; lastKnownFileType = sourcecode.swift; path = HomeView.swift; sourceTree = "<group>"; };
		C4A587A429768DE300B04A98 /* MapSearchView.swift */ = {isa = PBXFileReference; lastKnownFileType = sourcecode.swift; path = MapSearchView.swift; sourceTree = "<group>"; };
		C4A587A629768E2C00B04A98 /* RegisterView.swift */ = {isa = PBXFileReference; lastKnownFileType = sourcecode.swift; path = RegisterView.swift; sourceTree = "<group>"; };
		C4A587A829768E3400B04A98 /* MagazineView.swift */ = {isa = PBXFileReference; lastKnownFileType = sourcecode.swift; path = MagazineView.swift; sourceTree = "<group>"; };
		C4A587AA29768E3E00B04A98 /* ProfileView.swift */ = {isa = PBXFileReference; lastKnownFileType = sourcecode.swift; path = ProfileView.swift; sourceTree = "<group>"; };
		C4A587AC29768E4500B04A98 /* DetailView.swift */ = {isa = PBXFileReference; lastKnownFileType = sourcecode.swift; path = DetailView.swift; sourceTree = "<group>"; };
		C4A587AE29768E6600B04A98 /* CustomTabView.swift */ = {isa = PBXFileReference; lastKnownFileType = sourcecode.swift; path = CustomTabView.swift; sourceTree = "<group>"; };
		C4A587B1297693F900B04A98 /* NanumSquareRoundOTFEB.otf */ = {isa = PBXFileReference; lastKnownFileType = file; path = NanumSquareRoundOTFEB.otf; sourceTree = "<group>"; };
		C4A587B2297693FA00B04A98 /* NanumSquareRoundOTFR.otf */ = {isa = PBXFileReference; lastKnownFileType = file; path = NanumSquareRoundOTFR.otf; sourceTree = "<group>"; };
		C4A587B3297693FA00B04A98 /* NanumSquareRoundOTFL.otf */ = {isa = PBXFileReference; lastKnownFileType = file; path = NanumSquareRoundOTFL.otf; sourceTree = "<group>"; };
		C4A587B4297693FA00B04A98 /* NanumSquareRoundOTFB.otf */ = {isa = PBXFileReference; lastKnownFileType = file; path = NanumSquareRoundOTFB.otf; sourceTree = "<group>"; };
		C4A587B92976960300B04A98 /* Ex+Font.swift */ = {isa = PBXFileReference; lastKnownFileType = sourcecode.swift; path = "Ex+Font.swift"; sourceTree = "<group>"; };
		F5D01532476F99EEA1D0873A /* Pods-Machacha.debug.xcconfig */ = {isa = PBXFileReference; includeInIndex = 1; lastKnownFileType = text.xcconfig; name = "Pods-Machacha.debug.xcconfig"; path = "Target Support Files/Pods-Machacha/Pods-Machacha.debug.xcconfig"; sourceTree = "<group>"; };
		FB29B4429F0576D762BDF8C0 /* Pods_Machacha_MachachaUITests.framework */ = {isa = PBXFileReference; explicitFileType = wrapper.framework; includeInIndex = 0; path = Pods_Machacha_MachachaUITests.framework; sourceTree = BUILT_PRODUCTS_DIR; };
/* End PBXFileReference section */

/* Begin PBXFrameworksBuildPhase section */
		C4A587312975A77000B04A98 /* Frameworks */ = {
			isa = PBXFrameworksBuildPhase;
			buildActionMask = 2147483647;
			files = (
				524264E556A3C4D8EB4ACE17 /* Pods_Machacha.framework in Frameworks */,
			);
			runOnlyForDeploymentPostprocessing = 0;
		};
		C4A587412975A77300B04A98 /* Frameworks */ = {
			isa = PBXFrameworksBuildPhase;
			buildActionMask = 2147483647;
			files = (
				5C6D30C7A229468EEB9046BC /* Pods_MachachaTests.framework in Frameworks */,
			);
			runOnlyForDeploymentPostprocessing = 0;
		};
		C4A5874B2975A77300B04A98 /* Frameworks */ = {
			isa = PBXFrameworksBuildPhase;
			buildActionMask = 2147483647;
			files = (
				8F89968FBA8E5CCFE032F4EE /* Pods_Machacha_MachachaUITests.framework in Frameworks */,
			);
			runOnlyForDeploymentPostprocessing = 0;
		};
/* End PBXFrameworksBuildPhase section */

/* Begin PBXGroup section */
		BA651E94A4E836E14F9AD78B /* Frameworks */ = {
			isa = PBXGroup;
			children = (
				30FB504C32748BFCFE0FC423 /* Pods_Machacha.framework */,
				FB29B4429F0576D762BDF8C0 /* Pods_Machacha_MachachaUITests.framework */,
				9DC06A0F0CF337EAA1D5E76D /* Pods_MachachaTests.framework */,
			);
			name = Frameworks;
			sourceTree = "<group>";
		};
		C4A5872B2975A77000B04A98 = {
			isa = PBXGroup;
			children = (
				C4A587362975A77000B04A98 /* Machacha */,
				C4A587472975A77300B04A98 /* MachachaTests */,
				C4A587512975A77300B04A98 /* MachachaUITests */,
				C4A587352975A77000B04A98 /* Products */,
				CF49F682E30FE33457BCA273 /* Pods */,
				BA651E94A4E836E14F9AD78B /* Frameworks */,
			);
			sourceTree = "<group>";
		};
		C4A587352975A77000B04A98 /* Products */ = {
			isa = PBXGroup;
			children = (
				C4A587342975A77000B04A98 /* Machacha.app */,
				C4A587442975A77300B04A98 /* MachachaTests.xctest */,
				C4A5874E2975A77300B04A98 /* MachachaUITests.xctest */,
			);
			name = Products;
			sourceTree = "<group>";
		};
		C4A587362975A77000B04A98 /* Machacha */ = {
			isa = PBXGroup;
			children = (
				C4A587862975AA0700B04A98 /* Info.plist */,
				C4A587372975A77000B04A98 /* MachachaApp.swift */,
				C4A587612975A8D300B04A98 /* Configuration */,
				C4A587892975AA6800B04A98 /* Sources */,
				C4A5873B2975A77300B04A98 /* Assets.xcassets */,
				C4A5873D2975A77300B04A98 /* Preview Content */,
			);
			path = Machacha;
			sourceTree = "<group>";
		};
		C4A5873D2975A77300B04A98 /* Preview Content */ = {
			isa = PBXGroup;
			children = (
				C4A5873E2975A77300B04A98 /* Preview Assets.xcassets */,
			);
			path = "Preview Content";
			sourceTree = "<group>";
		};
		C4A587472975A77300B04A98 /* MachachaTests */ = {
			isa = PBXGroup;
			children = (
				C4A587482975A77300B04A98 /* MachachaTests.swift */,
			);
			path = MachachaTests;
			sourceTree = "<group>";
		};
		C4A587512975A77300B04A98 /* MachachaUITests */ = {
			isa = PBXGroup;
			children = (
				C4A587522975A77300B04A98 /* MachachaUITests.swift */,
				C4A587542975A77300B04A98 /* MachachaUITestsLaunchTests.swift */,
			);
			path = MachachaUITests;
			sourceTree = "<group>";
		};
		C4A587612975A8D300B04A98 /* Configuration */ = {
			isa = PBXGroup;
			children = (
				C4A587642975A8D300B04A98 /* Constants */,
				C4A587662975A8D300B04A98 /* Extensions */,
				C4A5876A2975A8D300B04A98 /* Fonts */,
				C4A587622975A8D300B04A98 /* Modifiers */,
			);
			path = Configuration;
			sourceTree = "<group>";
		};
		C4A587622975A8D300B04A98 /* Modifiers */ = {
			isa = PBXGroup;
			children = (
				C4A587632975A8D300B04A98 /* BtnModifier.swift */,
			);
			path = Modifiers;
			sourceTree = "<group>";
		};
		C4A587642975A8D300B04A98 /* Constants */ = {
			isa = PBXGroup;
			children = (
				C4A587652975A8D300B04A98 /* Constants.swift */,
			);
			path = Constants;
			sourceTree = "<group>";
		};
		C4A587662975A8D300B04A98 /* Extensions */ = {
			isa = PBXGroup;
			children = (
				C4A587682975A8D300B04A98 /* Ex+Color.swift */,
				C4A587B92976960300B04A98 /* Ex+Font.swift */,
				C4A587672975A8D300B04A98 /* Ex+String.swift */,
			);
			path = Extensions;
			sourceTree = "<group>";
		};
		C4A5876A2975A8D300B04A98 /* Fonts */ = {
			isa = PBXGroup;
			children = (
				C4A587B02976936300B04A98 /* Nanum */,
				C4A587852975A9E300B04A98 /* Pretendard */,
			);
			path = Fonts;
			sourceTree = "<group>";
		};
		C4A587852975A9E300B04A98 /* Pretendard */ = {
			isa = PBXGroup;
			children = (
				C4A5876B2975A8D300B04A98 /* Pretendard-Regular.otf */,
				C4A5876C2975A8D300B04A98 /* Pretendard-Black.otf */,
				C4A5876D2975A8D300B04A98 /* Pretendard-Medium.otf */,
				C4A5876E2975A8D300B04A98 /* Pretendard-Light.otf */,
				C4A5876F2975A8D300B04A98 /* Pretendard-ExtraBold.otf */,
				C4A587702975A8D300B04A98 /* Pretendard-Bold.otf */,
				C4A587712975A8D300B04A98 /* Pretendard-Thin.otf */,
				C4A587722975A8D300B04A98 /* Pretendard-ExtraLight.otf */,
				C4A587732975A8D300B04A98 /* Pretendard-SemiBold.otf */,
			);
			path = Pretendard;
			sourceTree = "<group>";
		};
		C4A587882975AA5F00B04A98 /* Views */ = {
			isa = PBXGroup;
			children = (
				C4A587392975A77000B04A98 /* ContentView.swift */,
				C4A5879A29768D2100B04A98 /* Login */,
				C4A5879929768D1500B04A98 /* Splash */,
				C4A5879829768CFA00B04A98 /* Home */,
				C4A5879729768CF300B04A98 /* MapSearch */,
				C4A5879629768CE100B04A98 /* Register */,
				C4A5879529768CC800B04A98 /* Magazine */,
				C4A5879429768CC100B04A98 /* Profile */,
				C4A5879329768CB700B04A98 /* Detail */,
				C4A5879229768CB100B04A98 /* ETC. */,
			);
			path = Views;
			sourceTree = "<group>";
		};
		C4A587892975AA6800B04A98 /* Sources */ = {
			isa = PBXGroup;
			children = (
				C4A5878B29768C4100B04A98 /* Models */,
				C4A5878E29768C5400B04A98 /* ViewModels */,
				C4A587882975AA5F00B04A98 /* Views */,
			);
			path = Sources;
			sourceTree = "<group>";
		};
		C4A5878B29768C4100B04A98 /* Models */ = {
			isa = PBXGroup;
			children = (
				C4A5878C29768C4E00B04A98 /* User.swift */,
			);
			path = Models;
			sourceTree = "<group>";
		};
		C4A5878E29768C5400B04A98 /* ViewModels */ = {
			isa = PBXGroup;
			children = (
				C4A5878F29768C6200B04A98 /* AuthViewModel.swift */,
			);
			path = ViewModels;
			sourceTree = "<group>";
		};
		C4A5879229768CB100B04A98 /* ETC. */ = {
			isa = PBXGroup;
			children = (
				C4A587AE29768E6600B04A98 /* CustomTabView.swift */,
			);
			path = ETC.;
			sourceTree = "<group>";
		};
		C4A5879329768CB700B04A98 /* Detail */ = {
			isa = PBXGroup;
			children = (
				C4A587AC29768E4500B04A98 /* DetailView.swift */,
			);
			path = Detail;
			sourceTree = "<group>";
		};
		C4A5879429768CC100B04A98 /* Profile */ = {
			isa = PBXGroup;
			children = (
				C4A587AA29768E3E00B04A98 /* ProfileView.swift */,
			);
			path = Profile;
			sourceTree = "<group>";
		};
		C4A5879529768CC800B04A98 /* Magazine */ = {
			isa = PBXGroup;
			children = (
				C4A587A829768E3400B04A98 /* MagazineView.swift */,
			);
			path = Magazine;
			sourceTree = "<group>";
		};
		C4A5879629768CE100B04A98 /* Register */ = {
			isa = PBXGroup;
			children = (
				C4A587A629768E2C00B04A98 /* RegisterView.swift */,
			);
			path = Register;
			sourceTree = "<group>";
		};
		C4A5879729768CF300B04A98 /* MapSearch */ = {
			isa = PBXGroup;
			children = (
				C4A587A429768DE300B04A98 /* MapSearchView.swift */,
			);
			path = MapSearch;
			sourceTree = "<group>";
		};
		C4A5879829768CFA00B04A98 /* Home */ = {
			isa = PBXGroup;
			children = (
				C4A587A029768D5B00B04A98 /* HomeView.swift */,
			);
			path = Home;
			sourceTree = "<group>";
		};
		C4A5879929768D1500B04A98 /* Splash */ = {
			isa = PBXGroup;
			children = (
				C4A5879E29768D4800B04A98 /* SplashView.swift */,
			);
			path = Splash;
			sourceTree = "<group>";
		};
		C4A5879A29768D2100B04A98 /* Login */ = {
			isa = PBXGroup;
			children = (
				C4A5879C29768D4200B04A98 /* LoginView.swift */,
			);
			path = Login;
			sourceTree = "<group>";
		};
		C4A587B02976936300B04A98 /* Nanum */ = {
			isa = PBXGroup;
			children = (
				C4A587B4297693FA00B04A98 /* NanumSquareRoundOTFB.otf */,
				C4A587B1297693F900B04A98 /* NanumSquareRoundOTFEB.otf */,
				C4A587B3297693FA00B04A98 /* NanumSquareRoundOTFL.otf */,
				C4A587B2297693FA00B04A98 /* NanumSquareRoundOTFR.otf */,
			);
			path = Nanum;
			sourceTree = "<group>";
		};
		CF49F682E30FE33457BCA273 /* Pods */ = {
			isa = PBXGroup;
			children = (
				F5D01532476F99EEA1D0873A /* Pods-Machacha.debug.xcconfig */,
				178CE577D81CEC2B97540A12 /* Pods-Machacha.release.xcconfig */,
				A8E562DEDED46474EDC25DEB /* Pods-Machacha-MachachaUITests.debug.xcconfig */,
				C314FEB98DC5D93EF458FFD7 /* Pods-Machacha-MachachaUITests.release.xcconfig */,
				7596C85340029F4E9EF8C276 /* Pods-MachachaTests.debug.xcconfig */,
				115EA2B0F85CD8BDB43B5463 /* Pods-MachachaTests.release.xcconfig */,
			);
			path = Pods;
			sourceTree = "<group>";
		};
/* End PBXGroup section */

/* Begin PBXNativeTarget section */
		C4A587332975A77000B04A98 /* Machacha */ = {
			isa = PBXNativeTarget;
			buildConfigurationList = C4A587582975A77300B04A98 /* Build configuration list for PBXNativeTarget "Machacha" */;
			buildPhases = (
				20E5341A4D4CA3469BFBF469 /* [CP] Check Pods Manifest.lock */,
				C4A587302975A77000B04A98 /* Sources */,
				C4A587312975A77000B04A98 /* Frameworks */,
				C4A587322975A77000B04A98 /* Resources */,
			);
			buildRules = (
			);
			dependencies = (
			);
			name = Machacha;
			productName = Machacha;
			productReference = C4A587342975A77000B04A98 /* Machacha.app */;
			productType = "com.apple.product-type.application";
		};
		C4A587432975A77300B04A98 /* MachachaTests */ = {
			isa = PBXNativeTarget;
			buildConfigurationList = C4A5875B2975A77300B04A98 /* Build configuration list for PBXNativeTarget "MachachaTests" */;
			buildPhases = (
				99481317369D4C0A7BCC06A4 /* [CP] Check Pods Manifest.lock */,
				C4A587402975A77300B04A98 /* Sources */,
				C4A587412975A77300B04A98 /* Frameworks */,
				C4A587422975A77300B04A98 /* Resources */,
				F6D1B495E0B5666FAC329287 /* [CP] Embed Pods Frameworks */,
			);
			buildRules = (
			);
			dependencies = (
				C4A587462975A77300B04A98 /* PBXTargetDependency */,
			);
			name = MachachaTests;
			productName = MachachaTests;
			productReference = C4A587442975A77300B04A98 /* MachachaTests.xctest */;
			productType = "com.apple.product-type.bundle.unit-test";
		};
		C4A5874D2975A77300B04A98 /* MachachaUITests */ = {
			isa = PBXNativeTarget;
			buildConfigurationList = C4A5875E2975A77300B04A98 /* Build configuration list for PBXNativeTarget "MachachaUITests" */;
			buildPhases = (
				9C12A9C22B5167D6DFF71B90 /* [CP] Check Pods Manifest.lock */,
				C4A5874A2975A77300B04A98 /* Sources */,
				C4A5874B2975A77300B04A98 /* Frameworks */,
				C4A5874C2975A77300B04A98 /* Resources */,
			);
			buildRules = (
			);
			dependencies = (
				C4A587502975A77300B04A98 /* PBXTargetDependency */,
			);
			name = MachachaUITests;
			productName = MachachaUITests;
			productReference = C4A5874E2975A77300B04A98 /* MachachaUITests.xctest */;
			productType = "com.apple.product-type.bundle.ui-testing";
		};
/* End PBXNativeTarget section */

/* Begin PBXProject section */
		C4A5872C2975A77000B04A98 /* Project object */ = {
			isa = PBXProject;
			attributes = {
				BuildIndependentTargetsInParallel = 1;
				LastSwiftUpdateCheck = 1420;
				LastUpgradeCheck = 1420;
				TargetAttributes = {
					C4A587332975A77000B04A98 = {
						CreatedOnToolsVersion = 14.2;
					};
					C4A587432975A77300B04A98 = {
						CreatedOnToolsVersion = 14.2;
						TestTargetID = C4A587332975A77000B04A98;
					};
					C4A5874D2975A77300B04A98 = {
						CreatedOnToolsVersion = 14.2;
						TestTargetID = C4A587332975A77000B04A98;
					};
				};
			};
			buildConfigurationList = C4A5872F2975A77000B04A98 /* Build configuration list for PBXProject "Machacha" */;
			compatibilityVersion = "Xcode 14.0";
			developmentRegion = en;
			hasScannedForEncodings = 0;
			knownRegions = (
				en,
				Base,
			);
			mainGroup = C4A5872B2975A77000B04A98;
			productRefGroup = C4A587352975A77000B04A98 /* Products */;
			projectDirPath = "";
			projectRoot = "";
			targets = (
				C4A587332975A77000B04A98 /* Machacha */,
				C4A587432975A77300B04A98 /* MachachaTests */,
				C4A5874D2975A77300B04A98 /* MachachaUITests */,
			);
		};
/* End PBXProject section */

/* Begin PBXResourcesBuildPhase section */
		C4A587322975A77000B04A98 /* Resources */ = {
			isa = PBXResourcesBuildPhase;
			buildActionMask = 2147483647;
			files = (
				C4A587B6297693FA00B04A98 /* NanumSquareRoundOTFR.otf in Resources */,
				C4A587B5297693FA00B04A98 /* NanumSquareRoundOTFEB.otf in Resources */,
				C4A587812975A8D300B04A98 /* Pretendard-SemiBold.otf in Resources */,
				C4A5873F2975A77300B04A98 /* Preview Assets.xcassets in Resources */,
				C4A587B7297693FA00B04A98 /* NanumSquareRoundOTFL.otf in Resources */,
				C4A5877E2975A8D300B04A98 /* Pretendard-Bold.otf in Resources */,
				C4A587B8297693FA00B04A98 /* NanumSquareRoundOTFB.otf in Resources */,
				C4A587802975A8D300B04A98 /* Pretendard-ExtraLight.otf in Resources */,
				C4A5877B2975A8D300B04A98 /* Pretendard-Medium.otf in Resources */,
				C4A5877F2975A8D300B04A98 /* Pretendard-Thin.otf in Resources */,
				C4A5877D2975A8D300B04A98 /* Pretendard-ExtraBold.otf in Resources */,
				C4A587792975A8D300B04A98 /* Pretendard-Regular.otf in Resources */,
				C4A5877A2975A8D300B04A98 /* Pretendard-Black.otf in Resources */,
				C4A5873C2975A77300B04A98 /* Assets.xcassets in Resources */,
				C4A5877C2975A8D300B04A98 /* Pretendard-Light.otf in Resources */,
			);
			runOnlyForDeploymentPostprocessing = 0;
		};
		C4A587422975A77300B04A98 /* Resources */ = {
			isa = PBXResourcesBuildPhase;
			buildActionMask = 2147483647;
			files = (
			);
			runOnlyForDeploymentPostprocessing = 0;
		};
		C4A5874C2975A77300B04A98 /* Resources */ = {
			isa = PBXResourcesBuildPhase;
			buildActionMask = 2147483647;
			files = (
			);
			runOnlyForDeploymentPostprocessing = 0;
		};
/* End PBXResourcesBuildPhase section */

/* Begin PBXShellScriptBuildPhase section */
		20E5341A4D4CA3469BFBF469 /* [CP] Check Pods Manifest.lock */ = {
			isa = PBXShellScriptBuildPhase;
			buildActionMask = 2147483647;
			files = (
			);
			inputFileListPaths = (
			);
			inputPaths = (
				"${PODS_PODFILE_DIR_PATH}/Podfile.lock",
				"${PODS_ROOT}/Manifest.lock",
			);
			name = "[CP] Check Pods Manifest.lock";
			outputFileListPaths = (
			);
			outputPaths = (
				"$(DERIVED_FILE_DIR)/Pods-Machacha-checkManifestLockResult.txt",
			);
			runOnlyForDeploymentPostprocessing = 0;
			shellPath = /bin/sh;
			shellScript = "diff \"${PODS_PODFILE_DIR_PATH}/Podfile.lock\" \"${PODS_ROOT}/Manifest.lock\" > /dev/null\nif [ $? != 0 ] ; then\n    # print error to STDERR\n    echo \"error: The sandbox is not in sync with the Podfile.lock. Run 'pod install' or update your CocoaPods installation.\" >&2\n    exit 1\nfi\n# This output is used by Xcode 'outputs' to avoid re-running this script phase.\necho \"SUCCESS\" > \"${SCRIPT_OUTPUT_FILE_0}\"\n";
			showEnvVarsInLog = 0;
		};
		99481317369D4C0A7BCC06A4 /* [CP] Check Pods Manifest.lock */ = {
			isa = PBXShellScriptBuildPhase;
			buildActionMask = 2147483647;
			files = (
			);
			inputFileListPaths = (
			);
			inputPaths = (
				"${PODS_PODFILE_DIR_PATH}/Podfile.lock",
				"${PODS_ROOT}/Manifest.lock",
			);
			name = "[CP] Check Pods Manifest.lock";
			outputFileListPaths = (
			);
			outputPaths = (
				"$(DERIVED_FILE_DIR)/Pods-MachachaTests-checkManifestLockResult.txt",
			);
			runOnlyForDeploymentPostprocessing = 0;
			shellPath = /bin/sh;
			shellScript = "diff \"${PODS_PODFILE_DIR_PATH}/Podfile.lock\" \"${PODS_ROOT}/Manifest.lock\" > /dev/null\nif [ $? != 0 ] ; then\n    # print error to STDERR\n    echo \"error: The sandbox is not in sync with the Podfile.lock. Run 'pod install' or update your CocoaPods installation.\" >&2\n    exit 1\nfi\n# This output is used by Xcode 'outputs' to avoid re-running this script phase.\necho \"SUCCESS\" > \"${SCRIPT_OUTPUT_FILE_0}\"\n";
			showEnvVarsInLog = 0;
		};
		9C12A9C22B5167D6DFF71B90 /* [CP] Check Pods Manifest.lock */ = {
			isa = PBXShellScriptBuildPhase;
			buildActionMask = 2147483647;
			files = (
			);
			inputFileListPaths = (
			);
			inputPaths = (
				"${PODS_PODFILE_DIR_PATH}/Podfile.lock",
				"${PODS_ROOT}/Manifest.lock",
			);
			name = "[CP] Check Pods Manifest.lock";
			outputFileListPaths = (
			);
			outputPaths = (
				"$(DERIVED_FILE_DIR)/Pods-Machacha-MachachaUITests-checkManifestLockResult.txt",
			);
			runOnlyForDeploymentPostprocessing = 0;
			shellPath = /bin/sh;
			shellScript = "diff \"${PODS_PODFILE_DIR_PATH}/Podfile.lock\" \"${PODS_ROOT}/Manifest.lock\" > /dev/null\nif [ $? != 0 ] ; then\n    # print error to STDERR\n    echo \"error: The sandbox is not in sync with the Podfile.lock. Run 'pod install' or update your CocoaPods installation.\" >&2\n    exit 1\nfi\n# This output is used by Xcode 'outputs' to avoid re-running this script phase.\necho \"SUCCESS\" > \"${SCRIPT_OUTPUT_FILE_0}\"\n";
			showEnvVarsInLog = 0;
		};
		F6D1B495E0B5666FAC329287 /* [CP] Embed Pods Frameworks */ = {
			isa = PBXShellScriptBuildPhase;
			buildActionMask = 2147483647;
			files = (
			);
			inputFileListPaths = (
				"${PODS_ROOT}/Target Support Files/Pods-MachachaTests/Pods-MachachaTests-frameworks-${CONFIGURATION}-input-files.xcfilelist",
			);
			name = "[CP] Embed Pods Frameworks";
			outputFileListPaths = (
				"${PODS_ROOT}/Target Support Files/Pods-MachachaTests/Pods-MachachaTests-frameworks-${CONFIGURATION}-output-files.xcfilelist",
			);
			runOnlyForDeploymentPostprocessing = 0;
			shellPath = /bin/sh;
			shellScript = "\"${PODS_ROOT}/Target Support Files/Pods-MachachaTests/Pods-MachachaTests-frameworks.sh\"\n";
			showEnvVarsInLog = 0;
		};
/* End PBXShellScriptBuildPhase section */

/* Begin PBXSourcesBuildPhase section */
		C4A587302975A77000B04A98 /* Sources */ = {
			isa = PBXSourcesBuildPhase;
			buildActionMask = 2147483647;
			files = (
				C4A5873A2975A77000B04A98 /* ContentView.swift in Sources */,
				C4A587382975A77000B04A98 /* MachachaApp.swift in Sources */,
				C4A587A929768E3400B04A98 /* MagazineView.swift in Sources */,
				C4A587BA2976960300B04A98 /* Ex+Font.swift in Sources */,
				C4A587AF29768E6600B04A98 /* CustomTabView.swift in Sources */,
				C4A587A729768E2C00B04A98 /* RegisterView.swift in Sources */,
				C4A587742975A8D300B04A98 /* BtnModifier.swift in Sources */,
				C4A5879D29768D4200B04A98 /* LoginView.swift in Sources */,
				C4A587762975A8D300B04A98 /* Ex+String.swift in Sources */,
				C4A587AB29768E3E00B04A98 /* ProfileView.swift in Sources */,
				C4A587A529768DE300B04A98 /* MapSearchView.swift in Sources */,
				C4A587AD29768E4500B04A98 /* DetailView.swift in Sources */,
				C4A587A129768D5B00B04A98 /* HomeView.swift in Sources */,
				C4A5879029768C6200B04A98 /* AuthViewModel.swift in Sources */,
				C4A587772975A8D300B04A98 /* Ex+Color.swift in Sources */,
				C4A5879F29768D4800B04A98 /* SplashView.swift in Sources */,
				C4A587752975A8D300B04A98 /* Constants.swift in Sources */,
				C4A5878D29768C4E00B04A98 /* User.swift in Sources */,
			);
			runOnlyForDeploymentPostprocessing = 0;
		};
		C4A587402975A77300B04A98 /* Sources */ = {
			isa = PBXSourcesBuildPhase;
			buildActionMask = 2147483647;
			files = (
				C4A587492975A77300B04A98 /* MachachaTests.swift in Sources */,
			);
			runOnlyForDeploymentPostprocessing = 0;
		};
		C4A5874A2975A77300B04A98 /* Sources */ = {
			isa = PBXSourcesBuildPhase;
			buildActionMask = 2147483647;
			files = (
				C4A587552975A77300B04A98 /* MachachaUITestsLaunchTests.swift in Sources */,
				C4A587532975A77300B04A98 /* MachachaUITests.swift in Sources */,
			);
			runOnlyForDeploymentPostprocessing = 0;
		};
/* End PBXSourcesBuildPhase section */

/* Begin PBXTargetDependency section */
		C4A587462975A77300B04A98 /* PBXTargetDependency */ = {
			isa = PBXTargetDependency;
			target = C4A587332975A77000B04A98 /* Machacha */;
			targetProxy = C4A587452975A77300B04A98 /* PBXContainerItemProxy */;
		};
		C4A587502975A77300B04A98 /* PBXTargetDependency */ = {
			isa = PBXTargetDependency;
			target = C4A587332975A77000B04A98 /* Machacha */;
			targetProxy = C4A5874F2975A77300B04A98 /* PBXContainerItemProxy */;
		};
/* End PBXTargetDependency section */

/* Begin XCBuildConfiguration section */
		C4A587562975A77300B04A98 /* Debug */ = {
			isa = XCBuildConfiguration;
			buildSettings = {
				ALWAYS_SEARCH_USER_PATHS = NO;
				CLANG_ANALYZER_NONNULL = YES;
				CLANG_ANALYZER_NUMBER_OBJECT_CONVERSION = YES_AGGRESSIVE;
				CLANG_CXX_LANGUAGE_STANDARD = "gnu++20";
				CLANG_ENABLE_MODULES = YES;
				CLANG_ENABLE_OBJC_ARC = YES;
				CLANG_ENABLE_OBJC_WEAK = YES;
				CLANG_WARN_BLOCK_CAPTURE_AUTORELEASING = YES;
				CLANG_WARN_BOOL_CONVERSION = YES;
				CLANG_WARN_COMMA = YES;
				CLANG_WARN_CONSTANT_CONVERSION = YES;
				CLANG_WARN_DEPRECATED_OBJC_IMPLEMENTATIONS = YES;
				CLANG_WARN_DIRECT_OBJC_ISA_USAGE = YES_ERROR;
				CLANG_WARN_DOCUMENTATION_COMMENTS = YES;
				CLANG_WARN_EMPTY_BODY = YES;
				CLANG_WARN_ENUM_CONVERSION = YES;
				CLANG_WARN_INFINITE_RECURSION = YES;
				CLANG_WARN_INT_CONVERSION = YES;
				CLANG_WARN_NON_LITERAL_NULL_CONVERSION = YES;
				CLANG_WARN_OBJC_IMPLICIT_RETAIN_SELF = YES;
				CLANG_WARN_OBJC_LITERAL_CONVERSION = YES;
				CLANG_WARN_OBJC_ROOT_CLASS = YES_ERROR;
				CLANG_WARN_QUOTED_INCLUDE_IN_FRAMEWORK_HEADER = YES;
				CLANG_WARN_RANGE_LOOP_ANALYSIS = YES;
				CLANG_WARN_STRICT_PROTOTYPES = YES;
				CLANG_WARN_SUSPICIOUS_MOVE = YES;
				CLANG_WARN_UNGUARDED_AVAILABILITY = YES_AGGRESSIVE;
				CLANG_WARN_UNREACHABLE_CODE = YES;
				CLANG_WARN__DUPLICATE_METHOD_MATCH = YES;
				COPY_PHASE_STRIP = NO;
				DEBUG_INFORMATION_FORMAT = dwarf;
				ENABLE_STRICT_OBJC_MSGSEND = YES;
				ENABLE_TESTABILITY = YES;
				GCC_C_LANGUAGE_STANDARD = gnu11;
				GCC_DYNAMIC_NO_PIC = NO;
				GCC_NO_COMMON_BLOCKS = YES;
				GCC_OPTIMIZATION_LEVEL = 0;
				GCC_PREPROCESSOR_DEFINITIONS = (
					"DEBUG=1",
					"$(inherited)",
				);
				GCC_WARN_64_TO_32_BIT_CONVERSION = YES;
				GCC_WARN_ABOUT_RETURN_TYPE = YES_ERROR;
				GCC_WARN_UNDECLARED_SELECTOR = YES;
				GCC_WARN_UNINITIALIZED_AUTOS = YES_AGGRESSIVE;
				GCC_WARN_UNUSED_FUNCTION = YES;
				GCC_WARN_UNUSED_VARIABLE = YES;
				IPHONEOS_DEPLOYMENT_TARGET = 16.2;
				MTL_ENABLE_DEBUG_INFO = INCLUDE_SOURCE;
				MTL_FAST_MATH = YES;
				ONLY_ACTIVE_ARCH = YES;
				SDKROOT = iphoneos;
				SWIFT_ACTIVE_COMPILATION_CONDITIONS = DEBUG;
				SWIFT_OPTIMIZATION_LEVEL = "-Onone";
			};
			name = Debug;
		};
		C4A587572975A77300B04A98 /* Release */ = {
			isa = XCBuildConfiguration;
			buildSettings = {
				ALWAYS_SEARCH_USER_PATHS = NO;
				CLANG_ANALYZER_NONNULL = YES;
				CLANG_ANALYZER_NUMBER_OBJECT_CONVERSION = YES_AGGRESSIVE;
				CLANG_CXX_LANGUAGE_STANDARD = "gnu++20";
				CLANG_ENABLE_MODULES = YES;
				CLANG_ENABLE_OBJC_ARC = YES;
				CLANG_ENABLE_OBJC_WEAK = YES;
				CLANG_WARN_BLOCK_CAPTURE_AUTORELEASING = YES;
				CLANG_WARN_BOOL_CONVERSION = YES;
				CLANG_WARN_COMMA = YES;
				CLANG_WARN_CONSTANT_CONVERSION = YES;
				CLANG_WARN_DEPRECATED_OBJC_IMPLEMENTATIONS = YES;
				CLANG_WARN_DIRECT_OBJC_ISA_USAGE = YES_ERROR;
				CLANG_WARN_DOCUMENTATION_COMMENTS = YES;
				CLANG_WARN_EMPTY_BODY = YES;
				CLANG_WARN_ENUM_CONVERSION = YES;
				CLANG_WARN_INFINITE_RECURSION = YES;
				CLANG_WARN_INT_CONVERSION = YES;
				CLANG_WARN_NON_LITERAL_NULL_CONVERSION = YES;
				CLANG_WARN_OBJC_IMPLICIT_RETAIN_SELF = YES;
				CLANG_WARN_OBJC_LITERAL_CONVERSION = YES;
				CLANG_WARN_OBJC_ROOT_CLASS = YES_ERROR;
				CLANG_WARN_QUOTED_INCLUDE_IN_FRAMEWORK_HEADER = YES;
				CLANG_WARN_RANGE_LOOP_ANALYSIS = YES;
				CLANG_WARN_STRICT_PROTOTYPES = YES;
				CLANG_WARN_SUSPICIOUS_MOVE = YES;
				CLANG_WARN_UNGUARDED_AVAILABILITY = YES_AGGRESSIVE;
				CLANG_WARN_UNREACHABLE_CODE = YES;
				CLANG_WARN__DUPLICATE_METHOD_MATCH = YES;
				COPY_PHASE_STRIP = NO;
				DEBUG_INFORMATION_FORMAT = "dwarf-with-dsym";
				ENABLE_NS_ASSERTIONS = NO;
				ENABLE_STRICT_OBJC_MSGSEND = YES;
				GCC_C_LANGUAGE_STANDARD = gnu11;
				GCC_NO_COMMON_BLOCKS = YES;
				GCC_WARN_64_TO_32_BIT_CONVERSION = YES;
				GCC_WARN_ABOUT_RETURN_TYPE = YES_ERROR;
				GCC_WARN_UNDECLARED_SELECTOR = YES;
				GCC_WARN_UNINITIALIZED_AUTOS = YES_AGGRESSIVE;
				GCC_WARN_UNUSED_FUNCTION = YES;
				GCC_WARN_UNUSED_VARIABLE = YES;
				IPHONEOS_DEPLOYMENT_TARGET = 16.2;
				MTL_ENABLE_DEBUG_INFO = NO;
				MTL_FAST_MATH = YES;
				SDKROOT = iphoneos;
				SWIFT_COMPILATION_MODE = wholemodule;
				SWIFT_OPTIMIZATION_LEVEL = "-O";
				VALIDATE_PRODUCT = YES;
			};
			name = Release;
		};
		C4A587592975A77300B04A98 /* Debug */ = {
			isa = XCBuildConfiguration;
			baseConfigurationReference = F5D01532476F99EEA1D0873A /* Pods-Machacha.debug.xcconfig */;
			buildSettings = {
				ASSETCATALOG_COMPILER_APPICON_NAME = AppIcon;
				ASSETCATALOG_COMPILER_GLOBAL_ACCENT_COLOR_NAME = AccentColor;
				CODE_SIGN_STYLE = Automatic;
				CURRENT_PROJECT_VERSION = 1;
				DEVELOPMENT_ASSET_PATHS = "\"Machacha/Preview Content\"";
				ENABLE_PREVIEWS = YES;
				GENERATE_INFOPLIST_FILE = YES;
				INFOPLIST_FILE = Machacha/Info.plist;
				INFOPLIST_KEY_CFBundleDisplayName = "";
				INFOPLIST_KEY_LSApplicationCategoryType = "";
				INFOPLIST_KEY_NSLocationAlwaysAndWhenInUseUsageDescription = "";
				INFOPLIST_KEY_UIApplicationSceneManifest_Generation = YES;
				INFOPLIST_KEY_UIApplicationSupportsIndirectInputEvents = YES;
				INFOPLIST_KEY_UILaunchScreen_Generation = YES;
				INFOPLIST_KEY_UISupportedInterfaceOrientations = UIInterfaceOrientationPortrait;
				INFOPLIST_KEY_UISupportedInterfaceOrientations_iPad = "UIInterfaceOrientationLandscapeLeft UIInterfaceOrientationLandscapeRight UIInterfaceOrientationPortrait UIInterfaceOrientationPortraitUpsideDown";
				IPHONEOS_DEPLOYMENT_TARGET = 16.0;
				LD_RUNPATH_SEARCH_PATHS = (
					"$(inherited)",
					"@executable_path/Frameworks",
				);
				MARKETING_VERSION = 1.0;
				PRODUCT_BUNDLE_IDENTIFIER = lionlike.project.Machacha;
				PRODUCT_NAME = "$(TARGET_NAME)";
				SWIFT_EMIT_LOC_STRINGS = YES;
				SWIFT_VERSION = 5.0;
				TARGETED_DEVICE_FAMILY = "1,2";
			};
			name = Debug;
		};
		C4A5875A2975A77300B04A98 /* Release */ = {
			isa = XCBuildConfiguration;
			baseConfigurationReference = 178CE577D81CEC2B97540A12 /* Pods-Machacha.release.xcconfig */;
			buildSettings = {
				ASSETCATALOG_COMPILER_APPICON_NAME = AppIcon;
				ASSETCATALOG_COMPILER_GLOBAL_ACCENT_COLOR_NAME = AccentColor;
				CODE_SIGN_STYLE = Automatic;
				CURRENT_PROJECT_VERSION = 1;
				DEVELOPMENT_ASSET_PATHS = "\"Machacha/Preview Content\"";
				ENABLE_PREVIEWS = YES;
				GENERATE_INFOPLIST_FILE = YES;
				INFOPLIST_FILE = Machacha/Info.plist;
				INFOPLIST_KEY_CFBundleDisplayName = "";
				INFOPLIST_KEY_LSApplicationCategoryType = "";
				INFOPLIST_KEY_NSLocationAlwaysAndWhenInUseUsageDescription = "";
				INFOPLIST_KEY_UIApplicationSceneManifest_Generation = YES;
				INFOPLIST_KEY_UIApplicationSupportsIndirectInputEvents = YES;
				INFOPLIST_KEY_UILaunchScreen_Generation = YES;
				INFOPLIST_KEY_UISupportedInterfaceOrientations = UIInterfaceOrientationPortrait;
				INFOPLIST_KEY_UISupportedInterfaceOrientations_iPad = "UIInterfaceOrientationLandscapeLeft UIInterfaceOrientationLandscapeRight UIInterfaceOrientationPortrait UIInterfaceOrientationPortraitUpsideDown";
				IPHONEOS_DEPLOYMENT_TARGET = 16.0;
				LD_RUNPATH_SEARCH_PATHS = (
					"$(inherited)",
					"@executable_path/Frameworks",
				);
				MARKETING_VERSION = 1.0;
				PRODUCT_BUNDLE_IDENTIFIER = lionlike.project.Machacha;
				PRODUCT_NAME = "$(TARGET_NAME)";
				SWIFT_EMIT_LOC_STRINGS = YES;
				SWIFT_VERSION = 5.0;
				TARGETED_DEVICE_FAMILY = "1,2";
			};
			name = Release;
		};
		C4A5875C2975A77300B04A98 /* Debug */ = {
			isa = XCBuildConfiguration;
			baseConfigurationReference = 7596C85340029F4E9EF8C276 /* Pods-MachachaTests.debug.xcconfig */;
			buildSettings = {
				ALWAYS_EMBED_SWIFT_STANDARD_LIBRARIES = YES;
				BUNDLE_LOADER = "$(TEST_HOST)";
				CODE_SIGN_STYLE = Automatic;
				CURRENT_PROJECT_VERSION = 1;
				GENERATE_INFOPLIST_FILE = YES;
				IPHONEOS_DEPLOYMENT_TARGET = 16.2;
				MARKETING_VERSION = 1.0;
				PRODUCT_BUNDLE_IDENTIFIER = lionlike.project.MachachaTests;
				PRODUCT_NAME = "$(TARGET_NAME)";
				SWIFT_EMIT_LOC_STRINGS = NO;
				SWIFT_VERSION = 5.0;
				TARGETED_DEVICE_FAMILY = "1,2";
				TEST_HOST = "$(BUILT_PRODUCTS_DIR)/Machacha.app/$(BUNDLE_EXECUTABLE_FOLDER_PATH)/Machacha";
			};
			name = Debug;
		};
		C4A5875D2975A77300B04A98 /* Release */ = {
			isa = XCBuildConfiguration;
			baseConfigurationReference = 115EA2B0F85CD8BDB43B5463 /* Pods-MachachaTests.release.xcconfig */;
			buildSettings = {
				ALWAYS_EMBED_SWIFT_STANDARD_LIBRARIES = YES;
				BUNDLE_LOADER = "$(TEST_HOST)";
				CODE_SIGN_STYLE = Automatic;
				CURRENT_PROJECT_VERSION = 1;
				GENERATE_INFOPLIST_FILE = YES;
				IPHONEOS_DEPLOYMENT_TARGET = 16.2;
				MARKETING_VERSION = 1.0;
				PRODUCT_BUNDLE_IDENTIFIER = lionlike.project.MachachaTests;
				PRODUCT_NAME = "$(TARGET_NAME)";
				SWIFT_EMIT_LOC_STRINGS = NO;
				SWIFT_VERSION = 5.0;
				TARGETED_DEVICE_FAMILY = "1,2";
				TEST_HOST = "$(BUILT_PRODUCTS_DIR)/Machacha.app/$(BUNDLE_EXECUTABLE_FOLDER_PATH)/Machacha";
			};
			name = Release;
		};
		C4A5875F2975A77300B04A98 /* Debug */ = {
			isa = XCBuildConfiguration;
			baseConfigurationReference = A8E562DEDED46474EDC25DEB /* Pods-Machacha-MachachaUITests.debug.xcconfig */;
			buildSettings = {
				ALWAYS_EMBED_SWIFT_STANDARD_LIBRARIES = YES;
				CODE_SIGN_STYLE = Automatic;
				CURRENT_PROJECT_VERSION = 1;
				GENERATE_INFOPLIST_FILE = YES;
				MARKETING_VERSION = 1.0;
				PRODUCT_BUNDLE_IDENTIFIER = lionlike.project.MachachaUITests;
				PRODUCT_NAME = "$(TARGET_NAME)";
				SWIFT_EMIT_LOC_STRINGS = NO;
				SWIFT_VERSION = 5.0;
				TARGETED_DEVICE_FAMILY = "1,2";
				TEST_TARGET_NAME = Machacha;
			};
			name = Debug;
		};
		C4A587602975A77300B04A98 /* Release */ = {
			isa = XCBuildConfiguration;
			baseConfigurationReference = C314FEB98DC5D93EF458FFD7 /* Pods-Machacha-MachachaUITests.release.xcconfig */;
			buildSettings = {
				ALWAYS_EMBED_SWIFT_STANDARD_LIBRARIES = YES;
				CODE_SIGN_STYLE = Automatic;
				CURRENT_PROJECT_VERSION = 1;
				GENERATE_INFOPLIST_FILE = YES;
				MARKETING_VERSION = 1.0;
				PRODUCT_BUNDLE_IDENTIFIER = lionlike.project.MachachaUITests;
				PRODUCT_NAME = "$(TARGET_NAME)";
				SWIFT_EMIT_LOC_STRINGS = NO;
				SWIFT_VERSION = 5.0;
				TARGETED_DEVICE_FAMILY = "1,2";
				TEST_TARGET_NAME = Machacha;
			};
			name = Release;
		};
/* End XCBuildConfiguration section */

/* Begin XCConfigurationList section */
		C4A5872F2975A77000B04A98 /* Build configuration list for PBXProject "Machacha" */ = {
			isa = XCConfigurationList;
			buildConfigurations = (
				C4A587562975A77300B04A98 /* Debug */,
				C4A587572975A77300B04A98 /* Release */,
			);
			defaultConfigurationIsVisible = 0;
			defaultConfigurationName = Release;
		};
		C4A587582975A77300B04A98 /* Build configuration list for PBXNativeTarget "Machacha" */ = {
			isa = XCConfigurationList;
			buildConfigurations = (
				C4A587592975A77300B04A98 /* Debug */,
				C4A5875A2975A77300B04A98 /* Release */,
			);
			defaultConfigurationIsVisible = 0;
			defaultConfigurationName = Release;
		};
		C4A5875B2975A77300B04A98 /* Build configuration list for PBXNativeTarget "MachachaTests" */ = {
			isa = XCConfigurationList;
			buildConfigurations = (
				C4A5875C2975A77300B04A98 /* Debug */,
				C4A5875D2975A77300B04A98 /* Release */,
			);
			defaultConfigurationIsVisible = 0;
			defaultConfigurationName = Release;
		};
		C4A5875E2975A77300B04A98 /* Build configuration list for PBXNativeTarget "MachachaUITests" */ = {
			isa = XCConfigurationList;
			buildConfigurations = (
				C4A5875F2975A77300B04A98 /* Debug */,
				C4A587602975A77300B04A98 /* Release */,
			);
			defaultConfigurationIsVisible = 0;
			defaultConfigurationName = Release;
		};
/* End XCConfigurationList section */
	};
	rootObject = C4A5872C2975A77000B04A98 /* Project object */;
}
